// !$*UTF8*$!
{
	archiveVersion = 1;
	classes = {
	};
	objectVersion = 46;
	objects = {

/* Begin PBXBuildFile section */
		0A0364BA1F2865D300F8CF99 /* Texture.cpp in Sources */ = {isa = PBXBuildFile; fileRef = 0A0364B81F2865D300F8CF99 /* Texture.cpp */; };
		0A16D42B1E9D113A00B54580 /* PVRTexture.cpp in Sources */ = {isa = PBXBuildFile; fileRef = 0A16D42A1E9D113A00B54580 /* PVRTexture.cpp */; };
		0A3E4EE41E877F7400AD26E1 /* GLConfiguration.cpp in Sources */ = {isa = PBXBuildFile; fileRef = 0A3E4ECE1E877F7400AD26E1 /* GLConfiguration.cpp */; };
		0A3E4EE51E877F7400AD26E1 /* GLPrecompile.cpp in Sources */ = {isa = PBXBuildFile; fileRef = 0A3E4ED01E877F7400AD26E1 /* GLPrecompile.cpp */; };
		0A3E4EE61E877F7400AD26E1 /* GLSLProgram.cpp in Sources */ = {isa = PBXBuildFile; fileRef = 0A3E4ED21E877F7400AD26E1 /* GLSLProgram.cpp */; };
		0A3E4EE71E877F7400AD26E1 /* RenderTarget.cpp in Sources */ = {isa = PBXBuildFile; fileRef = 0A3E4ED41E877F7400AD26E1 /* RenderTarget.cpp */; };
		0A3E4EE81E877F7400AD26E1 /* skybox.cpp in Sources */ = {isa = PBXBuildFile; fileRef = 0A3E4ED71E877F7400AD26E1 /* skybox.cpp */; };
		0A3E4EE91E877F7400AD26E1 /* vbocube.cpp in Sources */ = {isa = PBXBuildFile; fileRef = 0A3E4EDA1E877F7400AD26E1 /* vbocube.cpp */; };
		0A3E4EEA1E877F7400AD26E1 /* vbomesh.cpp in Sources */ = {isa = PBXBuildFile; fileRef = 0A3E4EDC1E877F7400AD26E1 /* vbomesh.cpp */; };
		0A3E4EEB1E877F7400AD26E1 /* vboplane.cpp in Sources */ = {isa = PBXBuildFile; fileRef = 0A3E4EDE1E877F7400AD26E1 /* vboplane.cpp */; };
		0A3E4EEC1E877F7400AD26E1 /* vboteapot.cpp in Sources */ = {isa = PBXBuildFile; fileRef = 0A3E4EE01E877F7400AD26E1 /* vboteapot.cpp */; };
		0A3E4EED1E877F7400AD26E1 /* vbotorus.cpp in Sources */ = {isa = PBXBuildFile; fileRef = 0A3E4EE21E877F7400AD26E1 /* vbotorus.cpp */; };
		0A3E4FBC1E87BC1600AD26E1 /* sceneshadow.cpp in Sources */ = {isa = PBXBuildFile; fileRef = 0A3E4FBA1E87BC1600AD26E1 /* sceneshadow.cpp */; };
		0A3E505C1E87F1E700AD26E1 /* latlon.cpp in Sources */ = {isa = PBXBuildFile; fileRef = 0A3E50541E87F1E700AD26E1 /* latlon.cpp */; };
		0A3E505D1E87F1E700AD26E1 /* noisegen.cpp in Sources */ = {isa = PBXBuildFile; fileRef = 0A3E50591E87F1E700AD26E1 /* noisegen.cpp */; };
		0A3E50681E87F1FB00AD26E1 /* cylinder.cpp in Sources */ = {isa = PBXBuildFile; fileRef = 0A3E505F1E87F1FB00AD26E1 /* cylinder.cpp */; };
		0A3E50691E87F1FB00AD26E1 /* line.cpp in Sources */ = {isa = PBXBuildFile; fileRef = 0A3E50611E87F1FB00AD26E1 /* line.cpp */; };
		0A3E506A1E87F1FB00AD26E1 /* plane.cpp in Sources */ = {isa = PBXBuildFile; fileRef = 0A3E50641E87F1FB00AD26E1 /* plane.cpp */; };
		0A3E506B1E87F1FB00AD26E1 /* sphere.cpp in Sources */ = {isa = PBXBuildFile; fileRef = 0A3E50661E87F1FB00AD26E1 /* sphere.cpp */; };
		0A3E50A81E87F21A00AD26E1 /* abs.cpp in Sources */ = {isa = PBXBuildFile; fileRef = 0A3E506D1E87F21A00AD26E1 /* abs.cpp */; };
		0A3E50A91E87F21A00AD26E1 /* add.cpp in Sources */ = {isa = PBXBuildFile; fileRef = 0A3E506F1E87F21A00AD26E1 /* add.cpp */; };
		0A3E50AA1E87F21A00AD26E1 /* billow.cpp in Sources */ = {isa = PBXBuildFile; fileRef = 0A3E50711E87F21A00AD26E1 /* billow.cpp */; };
		0A3E50AB1E87F21A00AD26E1 /* blend.cpp in Sources */ = {isa = PBXBuildFile; fileRef = 0A3E50731E87F21A00AD26E1 /* blend.cpp */; };
		0A3E50AC1E87F21A00AD26E1 /* cache.cpp in Sources */ = {isa = PBXBuildFile; fileRef = 0A3E50751E87F21A00AD26E1 /* cache.cpp */; };
		0A3E50AD1E87F21A00AD26E1 /* checkerboard.cpp in Sources */ = {isa = PBXBuildFile; fileRef = 0A3E50771E87F21A00AD26E1 /* checkerboard.cpp */; };
		0A3E50AE1E87F21A00AD26E1 /* clamp.cpp in Sources */ = {isa = PBXBuildFile; fileRef = 0A3E50791E87F21A00AD26E1 /* clamp.cpp */; };
		0A3E50AF1E87F21A00AD26E1 /* const.cpp in Sources */ = {isa = PBXBuildFile; fileRef = 0A3E507B1E87F21A00AD26E1 /* const.cpp */; };
		0A3E50B01E87F21A00AD26E1 /* curve.cpp in Sources */ = {isa = PBXBuildFile; fileRef = 0A3E507D1E87F21A00AD26E1 /* curve.cpp */; };
		0A3E50B11E87F21A00AD26E1 /* cylinders.cpp in Sources */ = {isa = PBXBuildFile; fileRef = 0A3E507F1E87F21A00AD26E1 /* cylinders.cpp */; };
		0A3E50B21E87F21A00AD26E1 /* displace.cpp in Sources */ = {isa = PBXBuildFile; fileRef = 0A3E50811E87F21A00AD26E1 /* displace.cpp */; };
		0A3E50B31E87F21A00AD26E1 /* exponent.cpp in Sources */ = {isa = PBXBuildFile; fileRef = 0A3E50831E87F21A00AD26E1 /* exponent.cpp */; };
		0A3E50B41E87F21A00AD26E1 /* invert.cpp in Sources */ = {isa = PBXBuildFile; fileRef = 0A3E50851E87F21A00AD26E1 /* invert.cpp */; };
		0A3E50B51E87F21A00AD26E1 /* max.cpp in Sources */ = {isa = PBXBuildFile; fileRef = 0A3E50871E87F21A00AD26E1 /* max.cpp */; };
		0A3E50B61E87F21A00AD26E1 /* min.cpp in Sources */ = {isa = PBXBuildFile; fileRef = 0A3E50891E87F21A00AD26E1 /* min.cpp */; };
		0A3E50B71E87F21A00AD26E1 /* modulebase.cpp in Sources */ = {isa = PBXBuildFile; fileRef = 0A3E508C1E87F21A00AD26E1 /* modulebase.cpp */; };
		0A3E50B81E87F21A00AD26E1 /* multiply.cpp in Sources */ = {isa = PBXBuildFile; fileRef = 0A3E508E1E87F21A00AD26E1 /* multiply.cpp */; };
		0A3E50B91E87F21A00AD26E1 /* perlin.cpp in Sources */ = {isa = PBXBuildFile; fileRef = 0A3E50901E87F21A00AD26E1 /* perlin.cpp */; };
		0A3E50BA1E87F21A00AD26E1 /* power.cpp in Sources */ = {isa = PBXBuildFile; fileRef = 0A3E50921E87F21A00AD26E1 /* power.cpp */; };
		0A3E50BB1E87F21A00AD26E1 /* ridgedmulti.cpp in Sources */ = {isa = PBXBuildFile; fileRef = 0A3E50941E87F21A00AD26E1 /* ridgedmulti.cpp */; };
		0A3E50BC1E87F21A00AD26E1 /* rotatepoint.cpp in Sources */ = {isa = PBXBuildFile; fileRef = 0A3E50961E87F21A00AD26E1 /* rotatepoint.cpp */; };
		0A3E50BD1E87F21A00AD26E1 /* scalebias.cpp in Sources */ = {isa = PBXBuildFile; fileRef = 0A3E50981E87F21A00AD26E1 /* scalebias.cpp */; };
		0A3E50BE1E87F21A00AD26E1 /* scalepoint.cpp in Sources */ = {isa = PBXBuildFile; fileRef = 0A3E509A1E87F21A00AD26E1 /* scalepoint.cpp */; };
		0A3E50BF1E87F21A00AD26E1 /* select.cpp in Sources */ = {isa = PBXBuildFile; fileRef = 0A3E509C1E87F21A00AD26E1 /* select.cpp */; };
		0A3E50C01E87F21A00AD26E1 /* spheres.cpp in Sources */ = {isa = PBXBuildFile; fileRef = 0A3E509E1E87F21A00AD26E1 /* spheres.cpp */; };
		0A3E50C11E87F21A00AD26E1 /* terrace.cpp in Sources */ = {isa = PBXBuildFile; fileRef = 0A3E50A01E87F21A00AD26E1 /* terrace.cpp */; };
		0A3E50C21E87F21A00AD26E1 /* translatepoint.cpp in Sources */ = {isa = PBXBuildFile; fileRef = 0A3E50A21E87F21A00AD26E1 /* translatepoint.cpp */; };
		0A3E50C31E87F21A00AD26E1 /* turbulence.cpp in Sources */ = {isa = PBXBuildFile; fileRef = 0A3E50A41E87F21A00AD26E1 /* turbulence.cpp */; };
		0A3E50C41E87F21A00AD26E1 /* voronoi.cpp in Sources */ = {isa = PBXBuildFile; fileRef = 0A3E50A61E87F21A00AD26E1 /* voronoi.cpp */; };
		0A3E50C81E87F61E00AD26E1 /* NoiseTexture.cpp in Sources */ = {isa = PBXBuildFile; fileRef = 0A3E50C61E87F61E00AD26E1 /* NoiseTexture.cpp */; };
		0A45902D1F24763F00AF1951 /* GLSLProgramCache.cpp in Sources */ = {isa = PBXBuildFile; fileRef = 0A45902B1F24763F00AF1951 /* GLSLProgramCache.cpp */; };
		0A4590311F24826700AF1951 /* GLSLShadeSource.cpp in Sources */ = {isa = PBXBuildFile; fileRef = 0A45902F1F24826700AF1951 /* GLSLShadeSource.cpp */; };
		0A45905D1F24F53600AF1951 /* Texture2D.cpp in Sources */ = {isa = PBXBuildFile; fileRef = 0A45905B1F24F53600AF1951 /* Texture2D.cpp */; };
		0AB2F8F81FC16AF4005FA7A0 /* FileResource.cpp in Sources */ = {isa = PBXBuildFile; fileRef = 0AB2F8F61FC16AF4005FA7A0 /* FileResource.cpp */; };
		0AB2F8FF1FC17B12005FA7A0 /* ImageDecode.cpp in Sources */ = {isa = PBXBuildFile; fileRef = 0AB2F8FD1FC17B12005FA7A0 /* ImageDecode.cpp */; };
		0AB2F9741FC1C962005FA7A0 /* stb_image.c in Sources */ = {isa = PBXBuildFile; fileRef = 0AB2F9721FC1C962005FA7A0 /* stb_image.c */; };
		0AB78C901DF588B000B9EDD0 /* scenetexture.cpp in Sources */ = {isa = PBXBuildFile; fileRef = 0AB78C8E1DF588B000B9EDD0 /* scenetexture.cpp */; };
		0AC3577E1DEDA4F300228877 /* TwoSideShader.cpp in Sources */ = {isa = PBXBuildFile; fileRef = 0AC3577C1DEDA4F300228877 /* TwoSideShader.cpp */; };
		0AD05D011E5EE35900607CF7 /* scenenormalmap.cpp in Sources */ = {isa = PBXBuildFile; fileRef = 0AD05CFF1E5EE35900607CF7 /* scenenormalmap.cpp */; };
		0AD05D051E5FE53D00607CF7 /* sceneprojtex.cpp in Sources */ = {isa = PBXBuildFile; fileRef = 0AD05D031E5FE53D00607CF7 /* sceneprojtex.cpp */; };
		0AD3D1011DF9299700EAC2C3 /* ImageLoad.cpp in Sources */ = {isa = PBXBuildFile; fileRef = 0AD3D0FF1DF9299700EAC2C3 /* ImageLoad.cpp */; };
		0AD424C51DE05B3D00FCCAAF /* BasicShader.cpp in Sources */ = {isa = PBXBuildFile; fileRef = 0AD424C31DE05B3D00FCCAAF /* BasicShader.cpp */; };
		0AD52F8D1DF3F8BD0010945C /* scenemultilight.cpp in Sources */ = {isa = PBXBuildFile; fileRef = 0AD52F8B1DF3F8BD0010945C /* scenemultilight.cpp */; };
		0AD852C11F09235B00FD92B9 /* ETCTexture.cpp in Sources */ = {isa = PBXBuildFile; fileRef = 0AD852BF1F09235B00FD92B9 /* ETCTexture.cpp */; };
		0AD852C41F0937FC00FD92B9 /* etc1.cpp in Sources */ = {isa = PBXBuildFile; fileRef = 0AD852C21F0937FC00FD92B9 /* etc1.cpp */; };
		0ADE39301DE2CFBB00FB1F19 /* DiffuseShader.cpp in Sources */ = {isa = PBXBuildFile; fileRef = 0ADE392C1DE2CFBB00FB1F19 /* DiffuseShader.cpp */; };
		0ADE39311DE2CFBB00FB1F19 /* UniformShader.cpp in Sources */ = {isa = PBXBuildFile; fileRef = 0ADE392E1DE2CFBB00FB1F19 /* UniformShader.cpp */; };
		0ADE39481DE3232000FB1F19 /* ADSShader.cpp in Sources */ = {isa = PBXBuildFile; fileRef = 0ADE39461DE3232000FB1F19 /* ADSShader.cpp */; };
		0AFD1D171E9A6D950069EA13 /* UIKit.framework in Frameworks */ = {isa = PBXBuildFile; fileRef = 0AFD1D161E9A6D950069EA13 /* UIKit.framework */; };
		0AFD1D1A1E9A7DBC0069EA13 /* IResourceManager.mm in Sources */ = {isa = PBXBuildFile; fileRef = 0AFD1D191E9A7DBC0069EA13 /* IResourceManager.mm */; };
		0AFF00B51F933DB7004BAD1A /* TextureBitmap.cpp in Sources */ = {isa = PBXBuildFile; fileRef = 0AFF00B31F933DB7004BAD1A /* TextureBitmap.cpp */; };
/* End PBXBuildFile section */

/* Begin PBXCopyFilesBuildPhase section */
		0AAD7DD61DD579290013AFF2 /* CopyFiles */ = {
			isa = PBXCopyFilesBuildPhase;
			buildActionMask = 2147483647;
			dstPath = "include/$(PRODUCT_NAME)";
			dstSubfolderSpec = 16;
			files = (
			);
			runOnlyForDeploymentPostprocessing = 0;
		};
/* End PBXCopyFilesBuildPhase section */

/* Begin PBXFileReference section */
		0A0364B81F2865D300F8CF99 /* Texture.cpp */ = {isa = PBXFileReference; fileEncoding = 4; lastKnownFileType = sourcecode.cpp.cpp; name = Texture.cpp; path = ../Texture.cpp; sourceTree = "<group>"; };
		0A0364B91F2865D300F8CF99 /* Texture.h */ = {isa = PBXFileReference; fileEncoding = 4; lastKnownFileType = sourcecode.c.h; name = Texture.h; path = ../Texture.h; sourceTree = "<group>"; };
		0A16D4291E9D113A00B54580 /* PVRTexture.h */ = {isa = PBXFileReference; fileEncoding = 4; lastKnownFileType = sourcecode.c.h; path = PVRTexture.h; sourceTree = "<group>"; };
		0A16D42A1E9D113A00B54580 /* PVRTexture.cpp */ = {isa = PBXFileReference; fileEncoding = 4; lastKnownFileType = sourcecode.cpp.cpp; path = PVRTexture.cpp; sourceTree = "<group>"; };
		0A3E4ECE1E877F7400AD26E1 /* GLConfiguration.cpp */ = {isa = PBXFileReference; fileEncoding = 4; lastKnownFileType = sourcecode.cpp.cpp; name = GLConfiguration.cpp; path = ../GLConfiguration.cpp; sourceTree = "<group>"; };
		0A3E4ECF1E877F7400AD26E1 /* GLConfiguration.h */ = {isa = PBXFileReference; fileEncoding = 4; lastKnownFileType = sourcecode.c.h; name = GLConfiguration.h; path = ../GLConfiguration.h; sourceTree = "<group>"; };
		0A3E4ED01E877F7400AD26E1 /* GLPrecompile.cpp */ = {isa = PBXFileReference; fileEncoding = 4; lastKnownFileType = sourcecode.cpp.cpp; name = GLPrecompile.cpp; path = ../GLPrecompile.cpp; sourceTree = "<group>"; };
		0A3E4ED11E877F7400AD26E1 /* GLPrecompile.h */ = {isa = PBXFileReference; fileEncoding = 4; lastKnownFileType = sourcecode.c.h; name = GLPrecompile.h; path = ../GLPrecompile.h; sourceTree = "<group>"; };
		0A3E4ED21E877F7400AD26E1 /* GLSLProgram.cpp */ = {isa = PBXFileReference; fileEncoding = 4; lastKnownFileType = sourcecode.cpp.cpp; name = GLSLProgram.cpp; path = ../GLSLProgram.cpp; sourceTree = "<group>"; };
		0A3E4ED31E877F7400AD26E1 /* GLSLProgram.h */ = {isa = PBXFileReference; fileEncoding = 4; lastKnownFileType = sourcecode.c.h; name = GLSLProgram.h; path = ../GLSLProgram.h; sourceTree = "<group>"; };
		0A3E4ED41E877F7400AD26E1 /* RenderTarget.cpp */ = {isa = PBXFileReference; fileEncoding = 4; lastKnownFileType = sourcecode.cpp.cpp; name = RenderTarget.cpp; path = ../RenderTarget.cpp; sourceTree = "<group>"; };
		0A3E4ED51E877F7400AD26E1 /* RenderTarget.h */ = {isa = PBXFileReference; fileEncoding = 4; lastKnownFileType = sourcecode.c.h; name = RenderTarget.h; path = ../RenderTarget.h; sourceTree = "<group>"; };
		0A3E4ED61E877F7400AD26E1 /* Scene.h */ = {isa = PBXFileReference; fileEncoding = 4; lastKnownFileType = sourcecode.c.h; name = Scene.h; path = ../Scene.h; sourceTree = "<group>"; };
		0A3E4ED71E877F7400AD26E1 /* skybox.cpp */ = {isa = PBXFileReference; fileEncoding = 4; lastKnownFileType = sourcecode.cpp.cpp; name = skybox.cpp; path = ../skybox.cpp; sourceTree = "<group>"; };
		0A3E4ED81E877F7400AD26E1 /* skybox.h */ = {isa = PBXFileReference; fileEncoding = 4; lastKnownFileType = sourcecode.c.h; name = skybox.h; path = ../skybox.h; sourceTree = "<group>"; };
		0A3E4ED91E877F7400AD26E1 /* teapotdata.h */ = {isa = PBXFileReference; fileEncoding = 4; lastKnownFileType = sourcecode.c.h; name = teapotdata.h; path = ../teapotdata.h; sourceTree = "<group>"; };
		0A3E4EDA1E877F7400AD26E1 /* vbocube.cpp */ = {isa = PBXFileReference; fileEncoding = 4; lastKnownFileType = sourcecode.cpp.cpp; name = vbocube.cpp; path = ../vbocube.cpp; sourceTree = "<group>"; };
		0A3E4EDB1E877F7400AD26E1 /* vbocube.h */ = {isa = PBXFileReference; fileEncoding = 4; lastKnownFileType = sourcecode.c.h; name = vbocube.h; path = ../vbocube.h; sourceTree = "<group>"; };
		0A3E4EDC1E877F7400AD26E1 /* vbomesh.cpp */ = {isa = PBXFileReference; fileEncoding = 4; lastKnownFileType = sourcecode.cpp.cpp; name = vbomesh.cpp; path = ../vbomesh.cpp; sourceTree = "<group>"; };
		0A3E4EDD1E877F7400AD26E1 /* vbomesh.h */ = {isa = PBXFileReference; fileEncoding = 4; lastKnownFileType = sourcecode.c.h; name = vbomesh.h; path = ../vbomesh.h; sourceTree = "<group>"; };
		0A3E4EDE1E877F7400AD26E1 /* vboplane.cpp */ = {isa = PBXFileReference; fileEncoding = 4; lastKnownFileType = sourcecode.cpp.cpp; name = vboplane.cpp; path = ../vboplane.cpp; sourceTree = "<group>"; };
		0A3E4EDF1E877F7400AD26E1 /* vboplane.h */ = {isa = PBXFileReference; fileEncoding = 4; lastKnownFileType = sourcecode.c.h; name = vboplane.h; path = ../vboplane.h; sourceTree = "<group>"; };
		0A3E4EE01E877F7400AD26E1 /* vboteapot.cpp */ = {isa = PBXFileReference; fileEncoding = 4; lastKnownFileType = sourcecode.cpp.cpp; name = vboteapot.cpp; path = ../vboteapot.cpp; sourceTree = "<group>"; };
		0A3E4EE11E877F7400AD26E1 /* vboteapot.h */ = {isa = PBXFileReference; fileEncoding = 4; lastKnownFileType = sourcecode.c.h; name = vboteapot.h; path = ../vboteapot.h; sourceTree = "<group>"; };
		0A3E4EE21E877F7400AD26E1 /* vbotorus.cpp */ = {isa = PBXFileReference; fileEncoding = 4; lastKnownFileType = sourcecode.cpp.cpp; name = vbotorus.cpp; path = ../vbotorus.cpp; sourceTree = "<group>"; };
		0A3E4EE31E877F7400AD26E1 /* vbotorus.h */ = {isa = PBXFileReference; fileEncoding = 4; lastKnownFileType = sourcecode.c.h; name = vbotorus.h; path = ../vbotorus.h; sourceTree = "<group>"; };
		0A3E4FBA1E87BC1600AD26E1 /* sceneshadow.cpp */ = {isa = PBXFileReference; fileEncoding = 2147483673; lastKnownFileType = sourcecode.cpp.cpp; name = sceneshadow.cpp; path = ../DrawFile/Texture/sceneshadow.cpp; sourceTree = "<group>"; };
		0A3E4FBB1E87BC1600AD26E1 /* sceneshadow.h */ = {isa = PBXFileReference; fileEncoding = 4; lastKnownFileType = sourcecode.c.h; name = sceneshadow.h; path = ../DrawFile/Texture/sceneshadow.h; sourceTree = "<group>"; };
		0A3E50511E87F1E700AD26E1 /* basictypes.h */ = {isa = PBXFileReference; fileEncoding = 4; lastKnownFileType = sourcecode.c.h; name = basictypes.h; path = ../thirdparty/libnoise/basictypes.h; sourceTree = "<group>"; };
		0A3E50521E87F1E700AD26E1 /* exception.h */ = {isa = PBXFileReference; fileEncoding = 4; lastKnownFileType = sourcecode.c.h; name = exception.h; path = ../thirdparty/libnoise/exception.h; sourceTree = "<group>"; };
		0A3E50531E87F1E700AD26E1 /* interp.h */ = {isa = PBXFileReference; fileEncoding = 4; lastKnownFileType = sourcecode.c.h; name = interp.h; path = ../thirdparty/libnoise/interp.h; sourceTree = "<group>"; };
		0A3E50541E87F1E700AD26E1 /* latlon.cpp */ = {isa = PBXFileReference; fileEncoding = 4; lastKnownFileType = sourcecode.cpp.cpp; name = latlon.cpp; path = ../thirdparty/libnoise/latlon.cpp; sourceTree = "<group>"; };
		0A3E50551E87F1E700AD26E1 /* latlon.h */ = {isa = PBXFileReference; fileEncoding = 4; lastKnownFileType = sourcecode.c.h; name = latlon.h; path = ../thirdparty/libnoise/latlon.h; sourceTree = "<group>"; };
		0A3E50561E87F1E700AD26E1 /* mathconsts.h */ = {isa = PBXFileReference; fileEncoding = 4; lastKnownFileType = sourcecode.c.h; name = mathconsts.h; path = ../thirdparty/libnoise/mathconsts.h; sourceTree = "<group>"; };
		0A3E50571E87F1E700AD26E1 /* misc.h */ = {isa = PBXFileReference; fileEncoding = 4; lastKnownFileType = sourcecode.c.h; name = misc.h; path = ../thirdparty/libnoise/misc.h; sourceTree = "<group>"; };
		0A3E50581E87F1E700AD26E1 /* noise.h */ = {isa = PBXFileReference; fileEncoding = 4; lastKnownFileType = sourcecode.c.h; name = noise.h; path = ../thirdparty/libnoise/noise.h; sourceTree = "<group>"; };
		0A3E50591E87F1E700AD26E1 /* noisegen.cpp */ = {isa = PBXFileReference; fileEncoding = 4; lastKnownFileType = sourcecode.cpp.cpp; name = noisegen.cpp; path = ../thirdparty/libnoise/noisegen.cpp; sourceTree = "<group>"; };
		0A3E505A1E87F1E700AD26E1 /* noisegen.h */ = {isa = PBXFileReference; fileEncoding = 4; lastKnownFileType = sourcecode.c.h; name = noisegen.h; path = ../thirdparty/libnoise/noisegen.h; sourceTree = "<group>"; };
		0A3E505B1E87F1E700AD26E1 /* vectortable.h */ = {isa = PBXFileReference; fileEncoding = 4; lastKnownFileType = sourcecode.c.h; name = vectortable.h; path = ../thirdparty/libnoise/vectortable.h; sourceTree = "<group>"; };
		0A3E505F1E87F1FB00AD26E1 /* cylinder.cpp */ = {isa = PBXFileReference; fileEncoding = 4; lastKnownFileType = sourcecode.cpp.cpp; name = cylinder.cpp; path = ../thirdparty/libnoise/model/cylinder.cpp; sourceTree = "<group>"; };
		0A3E50601E87F1FB00AD26E1 /* cylinder.h */ = {isa = PBXFileReference; fileEncoding = 4; lastKnownFileType = sourcecode.c.h; name = cylinder.h; path = ../thirdparty/libnoise/model/cylinder.h; sourceTree = "<group>"; };
		0A3E50611E87F1FB00AD26E1 /* line.cpp */ = {isa = PBXFileReference; fileEncoding = 4; lastKnownFileType = sourcecode.cpp.cpp; name = line.cpp; path = ../thirdparty/libnoise/model/line.cpp; sourceTree = "<group>"; };
		0A3E50621E87F1FB00AD26E1 /* line.h */ = {isa = PBXFileReference; fileEncoding = 4; lastKnownFileType = sourcecode.c.h; name = line.h; path = ../thirdparty/libnoise/model/line.h; sourceTree = "<group>"; };
		0A3E50631E87F1FB00AD26E1 /* model.h */ = {isa = PBXFileReference; fileEncoding = 4; lastKnownFileType = sourcecode.c.h; name = model.h; path = ../thirdparty/libnoise/model/model.h; sourceTree = "<group>"; };
		0A3E50641E87F1FB00AD26E1 /* plane.cpp */ = {isa = PBXFileReference; fileEncoding = 4; lastKnownFileType = sourcecode.cpp.cpp; name = plane.cpp; path = ../thirdparty/libnoise/model/plane.cpp; sourceTree = "<group>"; };
		0A3E50651E87F1FB00AD26E1 /* plane.h */ = {isa = PBXFileReference; fileEncoding = 4; lastKnownFileType = sourcecode.c.h; name = plane.h; path = ../thirdparty/libnoise/model/plane.h; sourceTree = "<group>"; };
		0A3E50661E87F1FB00AD26E1 /* sphere.cpp */ = {isa = PBXFileReference; fileEncoding = 4; lastKnownFileType = sourcecode.cpp.cpp; name = sphere.cpp; path = ../thirdparty/libnoise/model/sphere.cpp; sourceTree = "<group>"; };
		0A3E50671E87F1FB00AD26E1 /* sphere.h */ = {isa = PBXFileReference; fileEncoding = 4; lastKnownFileType = sourcecode.c.h; name = sphere.h; path = ../thirdparty/libnoise/model/sphere.h; sourceTree = "<group>"; };
		0A3E506D1E87F21A00AD26E1 /* abs.cpp */ = {isa = PBXFileReference; fileEncoding = 4; lastKnownFileType = sourcecode.cpp.cpp; name = abs.cpp; path = ../thirdparty/libnoise/module/abs.cpp; sourceTree = "<group>"; };
		0A3E506E1E87F21A00AD26E1 /* abs.h */ = {isa = PBXFileReference; fileEncoding = 4; lastKnownFileType = sourcecode.c.h; name = abs.h; path = ../thirdparty/libnoise/module/abs.h; sourceTree = "<group>"; };
		0A3E506F1E87F21A00AD26E1 /* add.cpp */ = {isa = PBXFileReference; fileEncoding = 4; lastKnownFileType = sourcecode.cpp.cpp; name = add.cpp; path = ../thirdparty/libnoise/module/add.cpp; sourceTree = "<group>"; };
		0A3E50701E87F21A00AD26E1 /* add.h */ = {isa = PBXFileReference; fileEncoding = 4; lastKnownFileType = sourcecode.c.h; name = add.h; path = ../thirdparty/libnoise/module/add.h; sourceTree = "<group>"; };
		0A3E50711E87F21A00AD26E1 /* billow.cpp */ = {isa = PBXFileReference; fileEncoding = 4; lastKnownFileType = sourcecode.cpp.cpp; name = billow.cpp; path = ../thirdparty/libnoise/module/billow.cpp; sourceTree = "<group>"; };
		0A3E50721E87F21A00AD26E1 /* billow.h */ = {isa = PBXFileReference; fileEncoding = 4; lastKnownFileType = sourcecode.c.h; name = billow.h; path = ../thirdparty/libnoise/module/billow.h; sourceTree = "<group>"; };
		0A3E50731E87F21A00AD26E1 /* blend.cpp */ = {isa = PBXFileReference; fileEncoding = 4; lastKnownFileType = sourcecode.cpp.cpp; name = blend.cpp; path = ../thirdparty/libnoise/module/blend.cpp; sourceTree = "<group>"; };
		0A3E50741E87F21A00AD26E1 /* blend.h */ = {isa = PBXFileReference; fileEncoding = 4; lastKnownFileType = sourcecode.c.h; name = blend.h; path = ../thirdparty/libnoise/module/blend.h; sourceTree = "<group>"; };
		0A3E50751E87F21A00AD26E1 /* cache.cpp */ = {isa = PBXFileReference; fileEncoding = 4; lastKnownFileType = sourcecode.cpp.cpp; name = cache.cpp; path = ../thirdparty/libnoise/module/cache.cpp; sourceTree = "<group>"; };
		0A3E50761E87F21A00AD26E1 /* cache.h */ = {isa = PBXFileReference; fileEncoding = 4; lastKnownFileType = sourcecode.c.h; name = cache.h; path = ../thirdparty/libnoise/module/cache.h; sourceTree = "<group>"; };
		0A3E50771E87F21A00AD26E1 /* checkerboard.cpp */ = {isa = PBXFileReference; fileEncoding = 4; lastKnownFileType = sourcecode.cpp.cpp; name = checkerboard.cpp; path = ../thirdparty/libnoise/module/checkerboard.cpp; sourceTree = "<group>"; };
		0A3E50781E87F21A00AD26E1 /* checkerboard.h */ = {isa = PBXFileReference; fileEncoding = 4; lastKnownFileType = sourcecode.c.h; name = checkerboard.h; path = ../thirdparty/libnoise/module/checkerboard.h; sourceTree = "<group>"; };
		0A3E50791E87F21A00AD26E1 /* clamp.cpp */ = {isa = PBXFileReference; fileEncoding = 4; lastKnownFileType = sourcecode.cpp.cpp; name = clamp.cpp; path = ../thirdparty/libnoise/module/clamp.cpp; sourceTree = "<group>"; };
		0A3E507A1E87F21A00AD26E1 /* clamp.h */ = {isa = PBXFileReference; fileEncoding = 4; lastKnownFileType = sourcecode.c.h; name = clamp.h; path = ../thirdparty/libnoise/module/clamp.h; sourceTree = "<group>"; };
		0A3E507B1E87F21A00AD26E1 /* const.cpp */ = {isa = PBXFileReference; fileEncoding = 4; lastKnownFileType = sourcecode.cpp.cpp; name = const.cpp; path = ../thirdparty/libnoise/module/const.cpp; sourceTree = "<group>"; };
		0A3E507C1E87F21A00AD26E1 /* const.h */ = {isa = PBXFileReference; fileEncoding = 4; lastKnownFileType = sourcecode.c.h; name = const.h; path = ../thirdparty/libnoise/module/const.h; sourceTree = "<group>"; };
		0A3E507D1E87F21A00AD26E1 /* curve.cpp */ = {isa = PBXFileReference; fileEncoding = 4; lastKnownFileType = sourcecode.cpp.cpp; name = curve.cpp; path = ../thirdparty/libnoise/module/curve.cpp; sourceTree = "<group>"; };
		0A3E507E1E87F21A00AD26E1 /* curve.h */ = {isa = PBXFileReference; fileEncoding = 4; lastKnownFileType = sourcecode.c.h; name = curve.h; path = ../thirdparty/libnoise/module/curve.h; sourceTree = "<group>"; };
		0A3E507F1E87F21A00AD26E1 /* cylinders.cpp */ = {isa = PBXFileReference; fileEncoding = 4; lastKnownFileType = sourcecode.cpp.cpp; name = cylinders.cpp; path = ../thirdparty/libnoise/module/cylinders.cpp; sourceTree = "<group>"; };
		0A3E50801E87F21A00AD26E1 /* cylinders.h */ = {isa = PBXFileReference; fileEncoding = 4; lastKnownFileType = sourcecode.c.h; name = cylinders.h; path = ../thirdparty/libnoise/module/cylinders.h; sourceTree = "<group>"; };
		0A3E50811E87F21A00AD26E1 /* displace.cpp */ = {isa = PBXFileReference; fileEncoding = 4; lastKnownFileType = sourcecode.cpp.cpp; name = displace.cpp; path = ../thirdparty/libnoise/module/displace.cpp; sourceTree = "<group>"; };
		0A3E50821E87F21A00AD26E1 /* displace.h */ = {isa = PBXFileReference; fileEncoding = 4; lastKnownFileType = sourcecode.c.h; name = displace.h; path = ../thirdparty/libnoise/module/displace.h; sourceTree = "<group>"; };
		0A3E50831E87F21A00AD26E1 /* exponent.cpp */ = {isa = PBXFileReference; fileEncoding = 4; lastKnownFileType = sourcecode.cpp.cpp; name = exponent.cpp; path = ../thirdparty/libnoise/module/exponent.cpp; sourceTree = "<group>"; };
		0A3E50841E87F21A00AD26E1 /* exponent.h */ = {isa = PBXFileReference; fileEncoding = 4; lastKnownFileType = sourcecode.c.h; name = exponent.h; path = ../thirdparty/libnoise/module/exponent.h; sourceTree = "<group>"; };
		0A3E50851E87F21A00AD26E1 /* invert.cpp */ = {isa = PBXFileReference; fileEncoding = 4; lastKnownFileType = sourcecode.cpp.cpp; name = invert.cpp; path = ../thirdparty/libnoise/module/invert.cpp; sourceTree = "<group>"; };
		0A3E50861E87F21A00AD26E1 /* invert.h */ = {isa = PBXFileReference; fileEncoding = 4; lastKnownFileType = sourcecode.c.h; name = invert.h; path = ../thirdparty/libnoise/module/invert.h; sourceTree = "<group>"; };
		0A3E50871E87F21A00AD26E1 /* max.cpp */ = {isa = PBXFileReference; fileEncoding = 4; lastKnownFileType = sourcecode.cpp.cpp; name = max.cpp; path = ../thirdparty/libnoise/module/max.cpp; sourceTree = "<group>"; };
		0A3E50881E87F21A00AD26E1 /* max.h */ = {isa = PBXFileReference; fileEncoding = 4; lastKnownFileType = sourcecode.c.h; name = max.h; path = ../thirdparty/libnoise/module/max.h; sourceTree = "<group>"; };
		0A3E50891E87F21A00AD26E1 /* min.cpp */ = {isa = PBXFileReference; fileEncoding = 4; lastKnownFileType = sourcecode.cpp.cpp; name = min.cpp; path = ../thirdparty/libnoise/module/min.cpp; sourceTree = "<group>"; };
		0A3E508A1E87F21A00AD26E1 /* min.h */ = {isa = PBXFileReference; fileEncoding = 4; lastKnownFileType = sourcecode.c.h; name = min.h; path = ../thirdparty/libnoise/module/min.h; sourceTree = "<group>"; };
		0A3E508B1E87F21A00AD26E1 /* module.h */ = {isa = PBXFileReference; fileEncoding = 4; lastKnownFileType = sourcecode.c.h; name = module.h; path = ../thirdparty/libnoise/module/module.h; sourceTree = "<group>"; };
		0A3E508C1E87F21A00AD26E1 /* modulebase.cpp */ = {isa = PBXFileReference; fileEncoding = 4; lastKnownFileType = sourcecode.cpp.cpp; name = modulebase.cpp; path = ../thirdparty/libnoise/module/modulebase.cpp; sourceTree = "<group>"; };
		0A3E508D1E87F21A00AD26E1 /* modulebase.h */ = {isa = PBXFileReference; fileEncoding = 4; lastKnownFileType = sourcecode.c.h; name = modulebase.h; path = ../thirdparty/libnoise/module/modulebase.h; sourceTree = "<group>"; };
		0A3E508E1E87F21A00AD26E1 /* multiply.cpp */ = {isa = PBXFileReference; fileEncoding = 4; lastKnownFileType = sourcecode.cpp.cpp; name = multiply.cpp; path = ../thirdparty/libnoise/module/multiply.cpp; sourceTree = "<group>"; };
		0A3E508F1E87F21A00AD26E1 /* multiply.h */ = {isa = PBXFileReference; fileEncoding = 4; lastKnownFileType = sourcecode.c.h; name = multiply.h; path = ../thirdparty/libnoise/module/multiply.h; sourceTree = "<group>"; };
		0A3E50901E87F21A00AD26E1 /* perlin.cpp */ = {isa = PBXFileReference; fileEncoding = 4; lastKnownFileType = sourcecode.cpp.cpp; name = perlin.cpp; path = ../thirdparty/libnoise/module/perlin.cpp; sourceTree = "<group>"; };
		0A3E50911E87F21A00AD26E1 /* perlin.h */ = {isa = PBXFileReference; fileEncoding = 4; lastKnownFileType = sourcecode.c.h; name = perlin.h; path = ../thirdparty/libnoise/module/perlin.h; sourceTree = "<group>"; };
		0A3E50921E87F21A00AD26E1 /* power.cpp */ = {isa = PBXFileReference; fileEncoding = 4; lastKnownFileType = sourcecode.cpp.cpp; name = power.cpp; path = ../thirdparty/libnoise/module/power.cpp; sourceTree = "<group>"; };
		0A3E50931E87F21A00AD26E1 /* power.h */ = {isa = PBXFileReference; fileEncoding = 4; lastKnownFileType = sourcecode.c.h; name = power.h; path = ../thirdparty/libnoise/module/power.h; sourceTree = "<group>"; };
		0A3E50941E87F21A00AD26E1 /* ridgedmulti.cpp */ = {isa = PBXFileReference; fileEncoding = 4; lastKnownFileType = sourcecode.cpp.cpp; name = ridgedmulti.cpp; path = ../thirdparty/libnoise/module/ridgedmulti.cpp; sourceTree = "<group>"; };
		0A3E50951E87F21A00AD26E1 /* ridgedmulti.h */ = {isa = PBXFileReference; fileEncoding = 4; lastKnownFileType = sourcecode.c.h; name = ridgedmulti.h; path = ../thirdparty/libnoise/module/ridgedmulti.h; sourceTree = "<group>"; };
		0A3E50961E87F21A00AD26E1 /* rotatepoint.cpp */ = {isa = PBXFileReference; fileEncoding = 4; lastKnownFileType = sourcecode.cpp.cpp; name = rotatepoint.cpp; path = ../thirdparty/libnoise/module/rotatepoint.cpp; sourceTree = "<group>"; };
		0A3E50971E87F21A00AD26E1 /* rotatepoint.h */ = {isa = PBXFileReference; fileEncoding = 4; lastKnownFileType = sourcecode.c.h; name = rotatepoint.h; path = ../thirdparty/libnoise/module/rotatepoint.h; sourceTree = "<group>"; };
		0A3E50981E87F21A00AD26E1 /* scalebias.cpp */ = {isa = PBXFileReference; fileEncoding = 4; lastKnownFileType = sourcecode.cpp.cpp; name = scalebias.cpp; path = ../thirdparty/libnoise/module/scalebias.cpp; sourceTree = "<group>"; };
		0A3E50991E87F21A00AD26E1 /* scalebias.h */ = {isa = PBXFileReference; fileEncoding = 4; lastKnownFileType = sourcecode.c.h; name = scalebias.h; path = ../thirdparty/libnoise/module/scalebias.h; sourceTree = "<group>"; };
		0A3E509A1E87F21A00AD26E1 /* scalepoint.cpp */ = {isa = PBXFileReference; fileEncoding = 4; lastKnownFileType = sourcecode.cpp.cpp; name = scalepoint.cpp; path = ../thirdparty/libnoise/module/scalepoint.cpp; sourceTree = "<group>"; };
		0A3E509B1E87F21A00AD26E1 /* scalepoint.h */ = {isa = PBXFileReference; fileEncoding = 4; lastKnownFileType = sourcecode.c.h; name = scalepoint.h; path = ../thirdparty/libnoise/module/scalepoint.h; sourceTree = "<group>"; };
		0A3E509C1E87F21A00AD26E1 /* select.cpp */ = {isa = PBXFileReference; fileEncoding = 4; lastKnownFileType = sourcecode.cpp.cpp; name = select.cpp; path = ../thirdparty/libnoise/module/select.cpp; sourceTree = "<group>"; };
		0A3E509D1E87F21A00AD26E1 /* select.h */ = {isa = PBXFileReference; fileEncoding = 4; lastKnownFileType = sourcecode.c.h; name = select.h; path = ../thirdparty/libnoise/module/select.h; sourceTree = "<group>"; };
		0A3E509E1E87F21A00AD26E1 /* spheres.cpp */ = {isa = PBXFileReference; fileEncoding = 4; lastKnownFileType = sourcecode.cpp.cpp; name = spheres.cpp; path = ../thirdparty/libnoise/module/spheres.cpp; sourceTree = "<group>"; };
		0A3E509F1E87F21A00AD26E1 /* spheres.h */ = {isa = PBXFileReference; fileEncoding = 4; lastKnownFileType = sourcecode.c.h; name = spheres.h; path = ../thirdparty/libnoise/module/spheres.h; sourceTree = "<group>"; };
		0A3E50A01E87F21A00AD26E1 /* terrace.cpp */ = {isa = PBXFileReference; fileEncoding = 4; lastKnownFileType = sourcecode.cpp.cpp; name = terrace.cpp; path = ../thirdparty/libnoise/module/terrace.cpp; sourceTree = "<group>"; };
		0A3E50A11E87F21A00AD26E1 /* terrace.h */ = {isa = PBXFileReference; fileEncoding = 4; lastKnownFileType = sourcecode.c.h; name = terrace.h; path = ../thirdparty/libnoise/module/terrace.h; sourceTree = "<group>"; };
		0A3E50A21E87F21A00AD26E1 /* translatepoint.cpp */ = {isa = PBXFileReference; fileEncoding = 4; lastKnownFileType = sourcecode.cpp.cpp; name = translatepoint.cpp; path = ../thirdparty/libnoise/module/translatepoint.cpp; sourceTree = "<group>"; };
		0A3E50A31E87F21A00AD26E1 /* translatepoint.h */ = {isa = PBXFileReference; fileEncoding = 4; lastKnownFileType = sourcecode.c.h; name = translatepoint.h; path = ../thirdparty/libnoise/module/translatepoint.h; sourceTree = "<group>"; };
		0A3E50A41E87F21A00AD26E1 /* turbulence.cpp */ = {isa = PBXFileReference; fileEncoding = 4; lastKnownFileType = sourcecode.cpp.cpp; name = turbulence.cpp; path = ../thirdparty/libnoise/module/turbulence.cpp; sourceTree = "<group>"; };
		0A3E50A51E87F21A00AD26E1 /* turbulence.h */ = {isa = PBXFileReference; fileEncoding = 4; lastKnownFileType = sourcecode.c.h; name = turbulence.h; path = ../thirdparty/libnoise/module/turbulence.h; sourceTree = "<group>"; };
		0A3E50A61E87F21A00AD26E1 /* voronoi.cpp */ = {isa = PBXFileReference; fileEncoding = 4; lastKnownFileType = sourcecode.cpp.cpp; name = voronoi.cpp; path = ../thirdparty/libnoise/module/voronoi.cpp; sourceTree = "<group>"; };
		0A3E50A71E87F21A00AD26E1 /* voronoi.h */ = {isa = PBXFileReference; fileEncoding = 4; lastKnownFileType = sourcecode.c.h; name = voronoi.h; path = ../thirdparty/libnoise/module/voronoi.h; sourceTree = "<group>"; };
		0A3E50C61E87F61E00AD26E1 /* NoiseTexture.cpp */ = {isa = PBXFileReference; fileEncoding = 4; lastKnownFileType = sourcecode.cpp.cpp; name = NoiseTexture.cpp; path = ../DrawFile/Noise/NoiseTexture.cpp; sourceTree = "<group>"; };
		0A3E50C71E87F61E00AD26E1 /* NoiseTexture.h */ = {isa = PBXFileReference; fileEncoding = 4; lastKnownFileType = sourcecode.c.h; name = NoiseTexture.h; path = ../DrawFile/Noise/NoiseTexture.h; sourceTree = "<group>"; };
		0A45902B1F24763F00AF1951 /* GLSLProgramCache.cpp */ = {isa = PBXFileReference; fileEncoding = 4; lastKnownFileType = sourcecode.cpp.cpp; name = GLSLProgramCache.cpp; path = ../GLSLProgramCache.cpp; sourceTree = "<group>"; };
		0A45902C1F24763F00AF1951 /* GLSLProgramCache.h */ = {isa = PBXFileReference; fileEncoding = 4; lastKnownFileType = sourcecode.c.h; name = GLSLProgramCache.h; path = ../GLSLProgramCache.h; sourceTree = "<group>"; };
		0A45902E1F247CBF00AF1951 /* GLSLBuiltInDefine.h */ = {isa = PBXFileReference; lastKnownFileType = sourcecode.c.h; name = GLSLBuiltInDefine.h; path = ../GLSLBuiltInDefine.h; sourceTree = "<group>"; };
		0A45902F1F24826700AF1951 /* GLSLShadeSource.cpp */ = {isa = PBXFileReference; fileEncoding = 4; lastKnownFileType = sourcecode.cpp.cpp; name = GLSLShadeSource.cpp; path = ../GLSLShadeSource.cpp; sourceTree = "<group>"; };
		0A4590301F24826700AF1951 /* GLSLShadeSource.h */ = {isa = PBXFileReference; fileEncoding = 4; lastKnownFileType = sourcecode.c.h; name = GLSLShadeSource.h; path = ../GLSLShadeSource.h; sourceTree = "<group>"; };
		0A4590331F2483C800AF1951 /* ccShader_3D_Color.frag */ = {isa = PBXFileReference; fileEncoding = 4; lastKnownFileType = sourcecode.glsl; name = ccShader_3D_Color.frag; path = ../Shaders/ccShader_3D_Color.frag; sourceTree = "<group>"; };
		0A4590341F2483C800AF1951 /* ccShader_3D_ColorNormal.frag */ = {isa = PBXFileReference; fileEncoding = 4; lastKnownFileType = sourcecode.glsl; name = ccShader_3D_ColorNormal.frag; path = ../Shaders/ccShader_3D_ColorNormal.frag; sourceTree = "<group>"; };
		0A4590351F2483C800AF1951 /* ccShader_3D_ColorNormalTex.frag */ = {isa = PBXFileReference; fileEncoding = 4; lastKnownFileType = sourcecode.glsl; name = ccShader_3D_ColorNormalTex.frag; path = ../Shaders/ccShader_3D_ColorNormalTex.frag; sourceTree = "<group>"; };
		0A4590361F2483C800AF1951 /* ccShader_3D_ColorTex.frag */ = {isa = PBXFileReference; fileEncoding = 4; lastKnownFileType = sourcecode.glsl; name = ccShader_3D_ColorTex.frag; path = ../Shaders/ccShader_3D_ColorTex.frag; sourceTree = "<group>"; };
		0A4590371F2483C800AF1951 /* ccShader_3D_Particle.frag */ = {isa = PBXFileReference; fileEncoding = 4; lastKnownFileType = sourcecode.glsl; name = ccShader_3D_Particle.frag; path = ../Shaders/ccShader_3D_Particle.frag; sourceTree = "<group>"; };
		0A4590381F2483C800AF1951 /* ccShader_3D_Particle.vert */ = {isa = PBXFileReference; fileEncoding = 4; lastKnownFileType = sourcecode.glsl; name = ccShader_3D_Particle.vert; path = ../Shaders/ccShader_3D_Particle.vert; sourceTree = "<group>"; };
		0A4590391F2483C800AF1951 /* ccShader_3D_PositionNormalTex.vert */ = {isa = PBXFileReference; fileEncoding = 4; lastKnownFileType = sourcecode.glsl; name = ccShader_3D_PositionNormalTex.vert; path = ../Shaders/ccShader_3D_PositionNormalTex.vert; sourceTree = "<group>"; };
		0A45903A1F2483C800AF1951 /* ccShader_3D_PositionTex.vert */ = {isa = PBXFileReference; fileEncoding = 4; lastKnownFileType = sourcecode.glsl; name = ccShader_3D_PositionTex.vert; path = ../Shaders/ccShader_3D_PositionTex.vert; sourceTree = "<group>"; };
		0A45903B1F2483C800AF1951 /* ccShader_3D_Skybox.frag */ = {isa = PBXFileReference; fileEncoding = 4; lastKnownFileType = sourcecode.glsl; name = ccShader_3D_Skybox.frag; path = ../Shaders/ccShader_3D_Skybox.frag; sourceTree = "<group>"; };
		0A45903C1F2483C800AF1951 /* ccShader_3D_Skybox.vert */ = {isa = PBXFileReference; fileEncoding = 4; lastKnownFileType = sourcecode.glsl; name = ccShader_3D_Skybox.vert; path = ../Shaders/ccShader_3D_Skybox.vert; sourceTree = "<group>"; };
		0A45903D1F2483C800AF1951 /* ccShader_3D_Terrain.frag */ = {isa = PBXFileReference; fileEncoding = 4; lastKnownFileType = sourcecode.glsl; name = ccShader_3D_Terrain.frag; path = ../Shaders/ccShader_3D_Terrain.frag; sourceTree = "<group>"; };
		0A45903E1F2483C800AF1951 /* ccShader_3D_Terrain.vert */ = {isa = PBXFileReference; fileEncoding = 4; lastKnownFileType = sourcecode.glsl; name = ccShader_3D_Terrain.vert; path = ../Shaders/ccShader_3D_Terrain.vert; sourceTree = "<group>"; };
		0A45903F1F2483C800AF1951 /* ccShader_CameraClear.frag */ = {isa = PBXFileReference; fileEncoding = 4; lastKnownFileType = sourcecode.glsl; name = ccShader_CameraClear.frag; path = ../Shaders/ccShader_CameraClear.frag; sourceTree = "<group>"; };
		0A4590401F2483C800AF1951 /* ccShader_CameraClear.vert */ = {isa = PBXFileReference; fileEncoding = 4; lastKnownFileType = sourcecode.glsl; name = ccShader_CameraClear.vert; path = ../Shaders/ccShader_CameraClear.vert; sourceTree = "<group>"; };
		0A4590411F2483C800AF1951 /* ccShader_ETC1AS_PositionTextureColor.frag */ = {isa = PBXFileReference; fileEncoding = 4; lastKnownFileType = sourcecode.glsl; name = ccShader_ETC1AS_PositionTextureColor.frag; path = ../Shaders/ccShader_ETC1AS_PositionTextureColor.frag; sourceTree = "<group>"; };
		0A4590421F2483C800AF1951 /* ccShader_ETC1AS_PositionTextureGray.frag */ = {isa = PBXFileReference; fileEncoding = 4; lastKnownFileType = sourcecode.glsl; name = ccShader_ETC1AS_PositionTextureGray.frag; path = ../Shaders/ccShader_ETC1AS_PositionTextureGray.frag; sourceTree = "<group>"; };
		0A4590431F2483C800AF1951 /* ccShader_Label_df_glow.frag */ = {isa = PBXFileReference; fileEncoding = 4; lastKnownFileType = sourcecode.glsl; name = ccShader_Label_df_glow.frag; path = ../Shaders/ccShader_Label_df_glow.frag; sourceTree = "<group>"; };
		0A4590441F2483C800AF1951 /* ccShader_Label_df.frag */ = {isa = PBXFileReference; fileEncoding = 4; lastKnownFileType = sourcecode.glsl; name = ccShader_Label_df.frag; path = ../Shaders/ccShader_Label_df.frag; sourceTree = "<group>"; };
		0A4590451F2483C800AF1951 /* ccShader_Label_normal.frag */ = {isa = PBXFileReference; fileEncoding = 4; lastKnownFileType = sourcecode.glsl; name = ccShader_Label_normal.frag; path = ../Shaders/ccShader_Label_normal.frag; sourceTree = "<group>"; };
		0A4590461F2483C800AF1951 /* ccShader_Label_outline.frag */ = {isa = PBXFileReference; fileEncoding = 4; lastKnownFileType = sourcecode.glsl; name = ccShader_Label_outline.frag; path = ../Shaders/ccShader_Label_outline.frag; sourceTree = "<group>"; };
		0A4590471F2483C800AF1951 /* ccShader_Label.vert */ = {isa = PBXFileReference; fileEncoding = 4; lastKnownFileType = sourcecode.glsl; name = ccShader_Label.vert; path = ../Shaders/ccShader_Label.vert; sourceTree = "<group>"; };
		0A4590481F2483C800AF1951 /* ccShader_Position_uColor.frag */ = {isa = PBXFileReference; fileEncoding = 4; lastKnownFileType = sourcecode.glsl; name = ccShader_Position_uColor.frag; path = ../Shaders/ccShader_Position_uColor.frag; sourceTree = "<group>"; };
		0A4590491F2483C800AF1951 /* ccShader_Position_uColor.vert */ = {isa = PBXFileReference; fileEncoding = 4; lastKnownFileType = sourcecode.glsl; name = ccShader_Position_uColor.vert; path = ../Shaders/ccShader_Position_uColor.vert; sourceTree = "<group>"; };
		0A45904A1F2483C800AF1951 /* ccShader_PositionColor.frag */ = {isa = PBXFileReference; fileEncoding = 4; lastKnownFileType = sourcecode.glsl; name = ccShader_PositionColor.frag; path = ../Shaders/ccShader_PositionColor.frag; sourceTree = "<group>"; };
		0A45904B1F2483C800AF1951 /* ccShader_PositionColor.vert */ = {isa = PBXFileReference; fileEncoding = 4; lastKnownFileType = sourcecode.glsl; name = ccShader_PositionColor.vert; path = ../Shaders/ccShader_PositionColor.vert; sourceTree = "<group>"; };
		0A45904C1F2483C800AF1951 /* ccShader_PositionColorLengthTexture.frag */ = {isa = PBXFileReference; fileEncoding = 4; lastKnownFileType = sourcecode.glsl; name = ccShader_PositionColorLengthTexture.frag; path = ../Shaders/ccShader_PositionColorLengthTexture.frag; sourceTree = "<group>"; };
		0A45904D1F2483C800AF1951 /* ccShader_PositionColorLengthTexture.vert */ = {isa = PBXFileReference; fileEncoding = 4; lastKnownFileType = sourcecode.glsl; name = ccShader_PositionColorLengthTexture.vert; path = ../Shaders/ccShader_PositionColorLengthTexture.vert; sourceTree = "<group>"; };
		0A45904E1F2483C800AF1951 /* ccShader_PositionColorTextureAsPointsize.vert */ = {isa = PBXFileReference; fileEncoding = 4; lastKnownFileType = sourcecode.glsl; name = ccShader_PositionColorTextureAsPointsize.vert; path = ../Shaders/ccShader_PositionColorTextureAsPointsize.vert; sourceTree = "<group>"; };
		0A45904F1F2483C800AF1951 /* ccShader_PositionTexture_uColor.frag */ = {isa = PBXFileReference; fileEncoding = 4; lastKnownFileType = sourcecode.glsl; name = ccShader_PositionTexture_uColor.frag; path = ../Shaders/ccShader_PositionTexture_uColor.frag; sourceTree = "<group>"; };
		0A4590501F2483C800AF1951 /* ccShader_PositionTexture_uColor.vert */ = {isa = PBXFileReference; fileEncoding = 4; lastKnownFileType = sourcecode.glsl; name = ccShader_PositionTexture_uColor.vert; path = ../Shaders/ccShader_PositionTexture_uColor.vert; sourceTree = "<group>"; };
		0A4590511F2483C800AF1951 /* ccShader_PositionTexture.frag */ = {isa = PBXFileReference; fileEncoding = 4; lastKnownFileType = sourcecode.glsl; name = ccShader_PositionTexture.frag; path = ../Shaders/ccShader_PositionTexture.frag; sourceTree = "<group>"; };
		0A4590521F2483C800AF1951 /* ccShader_PositionTexture.vert */ = {isa = PBXFileReference; fileEncoding = 4; lastKnownFileType = sourcecode.glsl; name = ccShader_PositionTexture.vert; path = ../Shaders/ccShader_PositionTexture.vert; sourceTree = "<group>"; };
		0A4590531F2483C800AF1951 /* ccShader_PositionTextureA8Color.frag */ = {isa = PBXFileReference; fileEncoding = 4; lastKnownFileType = sourcecode.glsl; name = ccShader_PositionTextureA8Color.frag; path = ../Shaders/ccShader_PositionTextureA8Color.frag; sourceTree = "<group>"; };
		0A4590541F2483C800AF1951 /* ccShader_PositionTextureA8Color.vert */ = {isa = PBXFileReference; fileEncoding = 4; lastKnownFileType = sourcecode.glsl; name = ccShader_PositionTextureA8Color.vert; path = ../Shaders/ccShader_PositionTextureA8Color.vert; sourceTree = "<group>"; };
		0A4590551F2483C800AF1951 /* ccShader_PositionTextureColor_noMVP.frag */ = {isa = PBXFileReference; fileEncoding = 4; lastKnownFileType = sourcecode.glsl; name = ccShader_PositionTextureColor_noMVP.frag; path = ../Shaders/ccShader_PositionTextureColor_noMVP.frag; sourceTree = "<group>"; };
		0A4590561F2483C800AF1951 /* ccShader_PositionTextureColor_noMVP.vert */ = {isa = PBXFileReference; fileEncoding = 4; lastKnownFileType = sourcecode.glsl; name = ccShader_PositionTextureColor_noMVP.vert; path = ../Shaders/ccShader_PositionTextureColor_noMVP.vert; sourceTree = "<group>"; };
		0A4590571F2483C800AF1951 /* ccShader_PositionTextureColor.frag */ = {isa = PBXFileReference; fileEncoding = 4; lastKnownFileType = sourcecode.glsl; name = ccShader_PositionTextureColor.frag; path = ../Shaders/ccShader_PositionTextureColor.frag; sourceTree = "<group>"; };
		0A4590581F2483C800AF1951 /* ccShader_PositionTextureColor.vert */ = {isa = PBXFileReference; fileEncoding = 4; lastKnownFileType = sourcecode.glsl; name = ccShader_PositionTextureColor.vert; path = ../Shaders/ccShader_PositionTextureColor.vert; sourceTree = "<group>"; };
		0A4590591F2483C800AF1951 /* ccShader_PositionTextureColorAlphaTest.frag */ = {isa = PBXFileReference; fileEncoding = 4; lastKnownFileType = sourcecode.glsl; name = ccShader_PositionTextureColorAlphaTest.frag; path = ../Shaders/ccShader_PositionTextureColorAlphaTest.frag; sourceTree = "<group>"; };
		0A45905A1F2483C800AF1951 /* ccShader_UI_Gray.frag */ = {isa = PBXFileReference; fileEncoding = 4; lastKnownFileType = sourcecode.glsl; name = ccShader_UI_Gray.frag; path = ../Shaders/ccShader_UI_Gray.frag; sourceTree = "<group>"; };
		0A45905B1F24F53600AF1951 /* Texture2D.cpp */ = {isa = PBXFileReference; fileEncoding = 4; lastKnownFileType = sourcecode.cpp.cpp; name = Texture2D.cpp; path = ../Texture2D.cpp; sourceTree = "<group>"; };
		0A45905C1F24F53600AF1951 /* Texture2D.h */ = {isa = PBXFileReference; fileEncoding = 4; lastKnownFileType = sourcecode.c.h; name = Texture2D.h; path = ../Texture2D.h; sourceTree = "<group>"; };
		0AAD7DD81DD579290013AFF2 /* libGLUtilBox.a */ = {isa = PBXFileReference; explicitFileType = archive.ar; includeInIndex = 0; path = libGLUtilBox.a; sourceTree = BUILT_PRODUCTS_DIR; };
		0AB2F8F61FC16AF4005FA7A0 /* FileResource.cpp */ = {isa = PBXFileReference; fileEncoding = 4; lastKnownFileType = sourcecode.cpp.cpp; path = FileResource.cpp; sourceTree = "<group>"; };
		0AB2F8F71FC16AF4005FA7A0 /* FileResource.h */ = {isa = PBXFileReference; fileEncoding = 4; lastKnownFileType = sourcecode.c.h; path = FileResource.h; sourceTree = "<group>"; };
		0AB2F8FD1FC17B12005FA7A0 /* ImageDecode.cpp */ = {isa = PBXFileReference; fileEncoding = 4; lastKnownFileType = sourcecode.cpp.cpp; path = ImageDecode.cpp; sourceTree = "<group>"; };
		0AB2F8FE1FC17B12005FA7A0 /* ImageDecode.h */ = {isa = PBXFileReference; fileEncoding = 4; lastKnownFileType = sourcecode.c.h; path = ImageDecode.h; sourceTree = "<group>"; };
		0AB2F9721FC1C962005FA7A0 /* stb_image.c */ = {isa = PBXFileReference; fileEncoding = 4; lastKnownFileType = sourcecode.c.c; name = stb_image.c; path = ../thirdparty/libstb/stb_image.c; sourceTree = "<group>"; };
		0AB2F9731FC1C962005FA7A0 /* stb_image.h */ = {isa = PBXFileReference; fileEncoding = 4; lastKnownFileType = sourcecode.c.h; name = stb_image.h; path = ../thirdparty/libstb/stb_image.h; sourceTree = "<group>"; };
		0AB78C8E1DF588B000B9EDD0 /* scenetexture.cpp */ = {isa = PBXFileReference; fileEncoding = 4; lastKnownFileType = sourcecode.cpp.cpp; name = scenetexture.cpp; path = ../DrawFile/Texture/scenetexture.cpp; sourceTree = "<group>"; };
		0AB78C8F1DF588B000B9EDD0 /* scenetexture.h */ = {isa = PBXFileReference; fileEncoding = 4; lastKnownFileType = sourcecode.c.h; name = scenetexture.h; path = ../DrawFile/Texture/scenetexture.h; sourceTree = "<group>"; };
		0AC3577C1DEDA4F300228877 /* TwoSideShader.cpp */ = {isa = PBXFileReference; fileEncoding = 4; lastKnownFileType = sourcecode.cpp.cpp; name = TwoSideShader.cpp; path = ../DrawFile/BasicShader/TwoSideShader.cpp; sourceTree = "<group>"; };
		0AC3577D1DEDA4F300228877 /* TwoSideShader.h */ = {isa = PBXFileReference; fileEncoding = 4; lastKnownFileType = sourcecode.c.h; name = TwoSideShader.h; path = ../DrawFile/BasicShader/TwoSideShader.h; sourceTree = "<group>"; };
		0AD05CFF1E5EE35900607CF7 /* scenenormalmap.cpp */ = {isa = PBXFileReference; fileEncoding = 4; lastKnownFileType = sourcecode.cpp.cpp; name = scenenormalmap.cpp; path = ../DrawFile/Texture/scenenormalmap.cpp; sourceTree = "<group>"; };
		0AD05D001E5EE35900607CF7 /* scenenormalmap.h */ = {isa = PBXFileReference; fileEncoding = 4; lastKnownFileType = sourcecode.c.h; name = scenenormalmap.h; path = ../DrawFile/Texture/scenenormalmap.h; sourceTree = "<group>"; };
		0AD05D031E5FE53D00607CF7 /* sceneprojtex.cpp */ = {isa = PBXFileReference; fileEncoding = 4; lastKnownFileType = sourcecode.cpp.cpp; name = sceneprojtex.cpp; path = ../DrawFile/Texture/sceneprojtex.cpp; sourceTree = "<group>"; };
		0AD05D041E5FE53D00607CF7 /* sceneprojtex.h */ = {isa = PBXFileReference; fileEncoding = 4; lastKnownFileType = sourcecode.c.h; name = sceneprojtex.h; path = ../DrawFile/Texture/sceneprojtex.h; sourceTree = "<group>"; };
		0AD3D0FF1DF9299700EAC2C3 /* ImageLoad.cpp */ = {isa = PBXFileReference; fileEncoding = 4; lastKnownFileType = sourcecode.cpp.cpp; name = ImageLoad.cpp; path = ../ImageLoad.cpp; sourceTree = "<group>"; };
		0AD3D1001DF9299700EAC2C3 /* ImageLoad.h */ = {isa = PBXFileReference; fileEncoding = 4; lastKnownFileType = sourcecode.c.h; name = ImageLoad.h; path = ../ImageLoad.h; sourceTree = "<group>"; };
		0AD424C31DE05B3D00FCCAAF /* BasicShader.cpp */ = {isa = PBXFileReference; fileEncoding = 4; lastKnownFileType = sourcecode.cpp.cpp; name = BasicShader.cpp; path = ../DrawFile/BasicShader/BasicShader.cpp; sourceTree = "<group>"; };
		0AD424C41DE05B3D00FCCAAF /* BasicShader.h */ = {isa = PBXFileReference; fileEncoding = 4; lastKnownFileType = sourcecode.c.h; name = BasicShader.h; path = ../DrawFile/BasicShader/BasicShader.h; sourceTree = "<group>"; };
		0AD52F8B1DF3F8BD0010945C /* scenemultilight.cpp */ = {isa = PBXFileReference; fileEncoding = 4; lastKnownFileType = sourcecode.cpp.cpp; name = scenemultilight.cpp; path = ../DrawFile/Light/scenemultilight.cpp; sourceTree = "<group>"; };
		0AD52F8C1DF3F8BD0010945C /* scenemultilight.h */ = {isa = PBXFileReference; fileEncoding = 4; lastKnownFileType = sourcecode.c.h; name = scenemultilight.h; path = ../DrawFile/Light/scenemultilight.h; sourceTree = "<group>"; };
		0AD852BF1F09235B00FD92B9 /* ETCTexture.cpp */ = {isa = PBXFileReference; fileEncoding = 4; lastKnownFileType = sourcecode.cpp.cpp; path = ETCTexture.cpp; sourceTree = "<group>"; };
		0AD852C01F09235B00FD92B9 /* ETCTexture.h */ = {isa = PBXFileReference; fileEncoding = 4; lastKnownFileType = sourcecode.c.h; path = ETCTexture.h; sourceTree = "<group>"; };
		0AD852C21F0937FC00FD92B9 /* etc1.cpp */ = {isa = PBXFileReference; fileEncoding = 4; lastKnownFileType = sourcecode.cpp.cpp; path = etc1.cpp; sourceTree = "<group>"; };
		0AD852C31F0937FC00FD92B9 /* etc1.h */ = {isa = PBXFileReference; fileEncoding = 4; lastKnownFileType = sourcecode.c.h; path = etc1.h; sourceTree = "<group>"; };
		0ADE392C1DE2CFBB00FB1F19 /* DiffuseShader.cpp */ = {isa = PBXFileReference; fileEncoding = 4; lastKnownFileType = sourcecode.cpp.cpp; name = DiffuseShader.cpp; path = ../DrawFile/BasicShader/DiffuseShader.cpp; sourceTree = "<group>"; };
		0ADE392D1DE2CFBB00FB1F19 /* DiffuseShader.h */ = {isa = PBXFileReference; fileEncoding = 4; lastKnownFileType = sourcecode.c.h; name = DiffuseShader.h; path = ../DrawFile/BasicShader/DiffuseShader.h; sourceTree = "<group>"; };
		0ADE392E1DE2CFBB00FB1F19 /* UniformShader.cpp */ = {isa = PBXFileReference; fileEncoding = 4; lastKnownFileType = sourcecode.cpp.cpp; name = UniformShader.cpp; path = ../DrawFile/BasicShader/UniformShader.cpp; sourceTree = "<group>"; };
		0ADE392F1DE2CFBB00FB1F19 /* UniformShader.h */ = {isa = PBXFileReference; fileEncoding = 4; lastKnownFileType = sourcecode.c.h; name = UniformShader.h; path = ../DrawFile/BasicShader/UniformShader.h; sourceTree = "<group>"; };
		0ADE39461DE3232000FB1F19 /* ADSShader.cpp */ = {isa = PBXFileReference; fileEncoding = 4; lastKnownFileType = sourcecode.cpp.cpp; name = ADSShader.cpp; path = ../DrawFile/BasicShader/ADSShader.cpp; sourceTree = "<group>"; };
		0ADE39471DE3232000FB1F19 /* ADSShader.h */ = {isa = PBXFileReference; fileEncoding = 4; lastKnownFileType = sourcecode.c.h; name = ADSShader.h; path = ../DrawFile/BasicShader/ADSShader.h; sourceTree = "<group>"; };
		0AFD1D161E9A6D950069EA13 /* UIKit.framework */ = {isa = PBXFileReference; lastKnownFileType = wrapper.framework; name = UIKit.framework; path = System/Library/Frameworks/UIKit.framework; sourceTree = SDKROOT; };
		0AFD1D181E9A7DBC0069EA13 /* IResourceManager.h */ = {isa = PBXFileReference; fileEncoding = 4; lastKnownFileType = sourcecode.c.h; path = IResourceManager.h; sourceTree = "<group>"; };
		0AFD1D191E9A7DBC0069EA13 /* IResourceManager.mm */ = {isa = PBXFileReference; fileEncoding = 4; lastKnownFileType = sourcecode.cpp.objcpp; path = IResourceManager.mm; sourceTree = "<group>"; };
		0AFF00B31F933DB7004BAD1A /* TextureBitmap.cpp */ = {isa = PBXFileReference; fileEncoding = 4; lastKnownFileType = sourcecode.cpp.cpp; path = TextureBitmap.cpp; sourceTree = "<group>"; };
		0AFF00B41F933DB7004BAD1A /* TextureBitmap.h */ = {isa = PBXFileReference; fileEncoding = 4; lastKnownFileType = sourcecode.c.h; path = TextureBitmap.h; sourceTree = "<group>"; };
/* End PBXFileReference section */

/* Begin PBXFrameworksBuildPhase section */
		0AAD7DD51DD579290013AFF2 /* Frameworks */ = {
			isa = PBXFrameworksBuildPhase;
			buildActionMask = 2147483647;
			files = (
				0AFD1D171E9A6D950069EA13 /* UIKit.framework in Frameworks */,
			);
			runOnlyForDeploymentPostprocessing = 0;
		};
/* End PBXFrameworksBuildPhase section */

/* Begin PBXGroup section */
		0A3E50501E87F1A100AD26E1 /* libnoise */ = {
			isa = PBXGroup;
			children = (
				0A3E506C1E87F20100AD26E1 /* module */,
				0A3E505E1E87F1EB00AD26E1 /* model */,
				0A3E50511E87F1E700AD26E1 /* basictypes.h */,
				0A3E50521E87F1E700AD26E1 /* exception.h */,
				0A3E50531E87F1E700AD26E1 /* interp.h */,
				0A3E50541E87F1E700AD26E1 /* latlon.cpp */,
				0A3E50551E87F1E700AD26E1 /* latlon.h */,
				0A3E50561E87F1E700AD26E1 /* mathconsts.h */,
				0A3E50571E87F1E700AD26E1 /* misc.h */,
				0A3E50581E87F1E700AD26E1 /* noise.h */,
				0A3E50591E87F1E700AD26E1 /* noisegen.cpp */,
				0A3E505A1E87F1E700AD26E1 /* noisegen.h */,
				0A3E505B1E87F1E700AD26E1 /* vectortable.h */,
			);
			name = libnoise;
			sourceTree = "<group>";
		};
		0A3E505E1E87F1EB00AD26E1 /* model */ = {
			isa = PBXGroup;
			children = (
				0A3E505F1E87F1FB00AD26E1 /* cylinder.cpp */,
				0A3E50601E87F1FB00AD26E1 /* cylinder.h */,
				0A3E50611E87F1FB00AD26E1 /* line.cpp */,
				0A3E50621E87F1FB00AD26E1 /* line.h */,
				0A3E50631E87F1FB00AD26E1 /* model.h */,
				0A3E50641E87F1FB00AD26E1 /* plane.cpp */,
				0A3E50651E87F1FB00AD26E1 /* plane.h */,
				0A3E50661E87F1FB00AD26E1 /* sphere.cpp */,
				0A3E50671E87F1FB00AD26E1 /* sphere.h */,
			);
			name = model;
			sourceTree = "<group>";
		};
		0A3E506C1E87F20100AD26E1 /* module */ = {
			isa = PBXGroup;
			children = (
				0A3E506D1E87F21A00AD26E1 /* abs.cpp */,
				0A3E506E1E87F21A00AD26E1 /* abs.h */,
				0A3E506F1E87F21A00AD26E1 /* add.cpp */,
				0A3E50701E87F21A00AD26E1 /* add.h */,
				0A3E50711E87F21A00AD26E1 /* billow.cpp */,
				0A3E50721E87F21A00AD26E1 /* billow.h */,
				0A3E50731E87F21A00AD26E1 /* blend.cpp */,
				0A3E50741E87F21A00AD26E1 /* blend.h */,
				0A3E50751E87F21A00AD26E1 /* cache.cpp */,
				0A3E50761E87F21A00AD26E1 /* cache.h */,
				0A3E50771E87F21A00AD26E1 /* checkerboard.cpp */,
				0A3E50781E87F21A00AD26E1 /* checkerboard.h */,
				0A3E50791E87F21A00AD26E1 /* clamp.cpp */,
				0A3E507A1E87F21A00AD26E1 /* clamp.h */,
				0A3E507B1E87F21A00AD26E1 /* const.cpp */,
				0A3E507C1E87F21A00AD26E1 /* const.h */,
				0A3E507D1E87F21A00AD26E1 /* curve.cpp */,
				0A3E507E1E87F21A00AD26E1 /* curve.h */,
				0A3E507F1E87F21A00AD26E1 /* cylinders.cpp */,
				0A3E50801E87F21A00AD26E1 /* cylinders.h */,
				0A3E50811E87F21A00AD26E1 /* displace.cpp */,
				0A3E50821E87F21A00AD26E1 /* displace.h */,
				0A3E50831E87F21A00AD26E1 /* exponent.cpp */,
				0A3E50841E87F21A00AD26E1 /* exponent.h */,
				0A3E50851E87F21A00AD26E1 /* invert.cpp */,
				0A3E50861E87F21A00AD26E1 /* invert.h */,
				0A3E50871E87F21A00AD26E1 /* max.cpp */,
				0A3E50881E87F21A00AD26E1 /* max.h */,
				0A3E50891E87F21A00AD26E1 /* min.cpp */,
				0A3E508A1E87F21A00AD26E1 /* min.h */,
				0A3E508B1E87F21A00AD26E1 /* module.h */,
				0A3E508C1E87F21A00AD26E1 /* modulebase.cpp */,
				0A3E508D1E87F21A00AD26E1 /* modulebase.h */,
				0A3E508E1E87F21A00AD26E1 /* multiply.cpp */,
				0A3E508F1E87F21A00AD26E1 /* multiply.h */,
				0A3E50901E87F21A00AD26E1 /* perlin.cpp */,
				0A3E50911E87F21A00AD26E1 /* perlin.h */,
				0A3E50921E87F21A00AD26E1 /* power.cpp */,
				0A3E50931E87F21A00AD26E1 /* power.h */,
				0A3E50941E87F21A00AD26E1 /* ridgedmulti.cpp */,
				0A3E50951E87F21A00AD26E1 /* ridgedmulti.h */,
				0A3E50961E87F21A00AD26E1 /* rotatepoint.cpp */,
				0A3E50971E87F21A00AD26E1 /* rotatepoint.h */,
				0A3E50981E87F21A00AD26E1 /* scalebias.cpp */,
				0A3E50991E87F21A00AD26E1 /* scalebias.h */,
				0A3E509A1E87F21A00AD26E1 /* scalepoint.cpp */,
				0A3E509B1E87F21A00AD26E1 /* scalepoint.h */,
				0A3E509C1E87F21A00AD26E1 /* select.cpp */,
				0A3E509D1E87F21A00AD26E1 /* select.h */,
				0A3E509E1E87F21A00AD26E1 /* spheres.cpp */,
				0A3E509F1E87F21A00AD26E1 /* spheres.h */,
				0A3E50A01E87F21A00AD26E1 /* terrace.cpp */,
				0A3E50A11E87F21A00AD26E1 /* terrace.h */,
				0A3E50A21E87F21A00AD26E1 /* translatepoint.cpp */,
				0A3E50A31E87F21A00AD26E1 /* translatepoint.h */,
				0A3E50A41E87F21A00AD26E1 /* turbulence.cpp */,
				0A3E50A51E87F21A00AD26E1 /* turbulence.h */,
				0A3E50A61E87F21A00AD26E1 /* voronoi.cpp */,
				0A3E50A71E87F21A00AD26E1 /* voronoi.h */,
			);
			name = module;
			sourceTree = "<group>";
		};
		0A3E50C51E87F45D00AD26E1 /* Noise */ = {
			isa = PBXGroup;
			children = (
				0A3E50C61E87F61E00AD26E1 /* NoiseTexture.cpp */,
				0A3E50C71E87F61E00AD26E1 /* NoiseTexture.h */,
			);
			name = Noise;
			sourceTree = "<group>";
		};
		0A4590321F2483B000AF1951 /* Shaders */ = {
			isa = PBXGroup;
			children = (
				0A4590331F2483C800AF1951 /* ccShader_3D_Color.frag */,
				0A4590341F2483C800AF1951 /* ccShader_3D_ColorNormal.frag */,
				0A4590351F2483C800AF1951 /* ccShader_3D_ColorNormalTex.frag */,
				0A4590361F2483C800AF1951 /* ccShader_3D_ColorTex.frag */,
				0A4590371F2483C800AF1951 /* ccShader_3D_Particle.frag */,
				0A4590381F2483C800AF1951 /* ccShader_3D_Particle.vert */,
				0A4590391F2483C800AF1951 /* ccShader_3D_PositionNormalTex.vert */,
				0A45903A1F2483C800AF1951 /* ccShader_3D_PositionTex.vert */,
				0A45903B1F2483C800AF1951 /* ccShader_3D_Skybox.frag */,
				0A45903C1F2483C800AF1951 /* ccShader_3D_Skybox.vert */,
				0A45903D1F2483C800AF1951 /* ccShader_3D_Terrain.frag */,
				0A45903E1F2483C800AF1951 /* ccShader_3D_Terrain.vert */,
				0A45903F1F2483C800AF1951 /* ccShader_CameraClear.frag */,
				0A4590401F2483C800AF1951 /* ccShader_CameraClear.vert */,
				0A4590411F2483C800AF1951 /* ccShader_ETC1AS_PositionTextureColor.frag */,
				0A4590421F2483C800AF1951 /* ccShader_ETC1AS_PositionTextureGray.frag */,
				0A4590431F2483C800AF1951 /* ccShader_Label_df_glow.frag */,
				0A4590441F2483C800AF1951 /* ccShader_Label_df.frag */,
				0A4590451F2483C800AF1951 /* ccShader_Label_normal.frag */,
				0A4590461F2483C800AF1951 /* ccShader_Label_outline.frag */,
				0A4590471F2483C800AF1951 /* ccShader_Label.vert */,
				0A4590481F2483C800AF1951 /* ccShader_Position_uColor.frag */,
				0A4590491F2483C800AF1951 /* ccShader_Position_uColor.vert */,
				0A45904A1F2483C800AF1951 /* ccShader_PositionColor.frag */,
				0A45904B1F2483C800AF1951 /* ccShader_PositionColor.vert */,
				0A45904C1F2483C800AF1951 /* ccShader_PositionColorLengthTexture.frag */,
				0A45904D1F2483C800AF1951 /* ccShader_PositionColorLengthTexture.vert */,
				0A45904E1F2483C800AF1951 /* ccShader_PositionColorTextureAsPointsize.vert */,
				0A45904F1F2483C800AF1951 /* ccShader_PositionTexture_uColor.frag */,
				0A4590501F2483C800AF1951 /* ccShader_PositionTexture_uColor.vert */,
				0A4590511F2483C800AF1951 /* ccShader_PositionTexture.frag */,
				0A4590521F2483C800AF1951 /* ccShader_PositionTexture.vert */,
				0A4590531F2483C800AF1951 /* ccShader_PositionTextureA8Color.frag */,
				0A4590541F2483C800AF1951 /* ccShader_PositionTextureA8Color.vert */,
				0A4590551F2483C800AF1951 /* ccShader_PositionTextureColor_noMVP.frag */,
				0A4590561F2483C800AF1951 /* ccShader_PositionTextureColor_noMVP.vert */,
				0A4590571F2483C800AF1951 /* ccShader_PositionTextureColor.frag */,
				0A4590581F2483C800AF1951 /* ccShader_PositionTextureColor.vert */,
				0A4590591F2483C800AF1951 /* ccShader_PositionTextureColorAlphaTest.frag */,
				0A45905A1F2483C800AF1951 /* ccShader_UI_Gray.frag */,
			);
			name = Shaders;
			sourceTree = "<group>";
		};
		0AAD7DCF1DD579290013AFF2 = {
			isa = PBXGroup;
			children = (
				0A4590321F2483B000AF1951 /* Shaders */,
				0ACE6E331E991A1F0009B146 /* Resource */,
				0AD3D0FE1DF9297500EAC2C3 /* Util */,
				0AD3AC341DF6C30E009F9CD3 /* thirdparty */,
				0AD424BF1DE05ADC00FCCAAF /* DrawFile */,
				0AAD7DDA1DD579290013AFF2 /* GLUtilBox */,
				0AAD7DD91DD579290013AFF2 /* Products */,
				0AFD1D151E9A6D950069EA13 /* Frameworks */,
			);
			sourceTree = "<group>";
		};
		0AAD7DD91DD579290013AFF2 /* Products */ = {
			isa = PBXGroup;
			children = (
				0AAD7DD81DD579290013AFF2 /* libGLUtilBox.a */,
			);
			name = Products;
			sourceTree = "<group>";
		};
		0AAD7DDA1DD579290013AFF2 /* GLUtilBox */ = {
			isa = PBXGroup;
			children = (
			);
			path = GLUtilBox;
			sourceTree = "<group>";
		};
		0AB2F8F91FC17070005FA7A0 /* libstb */ = {
			isa = PBXGroup;
			children = (
				0AB2F9721FC1C962005FA7A0 /* stb_image.c */,
				0AB2F9731FC1C962005FA7A0 /* stb_image.h */,
			);
			name = libstb;
			sourceTree = "<group>";
		};
		0AB78C8D1DF5889A00B9EDD0 /* Texture */ = {
			isa = PBXGroup;
			children = (
				0A3E4FBA1E87BC1600AD26E1 /* sceneshadow.cpp */,
				0A3E4FBB1E87BC1600AD26E1 /* sceneshadow.h */,
				0AD05D031E5FE53D00607CF7 /* sceneprojtex.cpp */,
				0AD05D041E5FE53D00607CF7 /* sceneprojtex.h */,
				0AD05CFF1E5EE35900607CF7 /* scenenormalmap.cpp */,
				0AD05D001E5EE35900607CF7 /* scenenormalmap.h */,
				0AB78C8E1DF588B000B9EDD0 /* scenetexture.cpp */,
				0AB78C8F1DF588B000B9EDD0 /* scenetexture.h */,
			);
			name = Texture;
			sourceTree = "<group>";
		};
		0ACE6E331E991A1F0009B146 /* Resource */ = {
			isa = PBXGroup;
			children = (
				0AD852C21F0937FC00FD92B9 /* etc1.cpp */,
				0AD852C31F0937FC00FD92B9 /* etc1.h */,
				0A16D4291E9D113A00B54580 /* PVRTexture.h */,
				0A16D42A1E9D113A00B54580 /* PVRTexture.cpp */,
				0AFD1D181E9A7DBC0069EA13 /* IResourceManager.h */,
				0AFD1D191E9A7DBC0069EA13 /* IResourceManager.mm */,
				0AD852BF1F09235B00FD92B9 /* ETCTexture.cpp */,
				0AD852C01F09235B00FD92B9 /* ETCTexture.h */,
				0AFF00B31F933DB7004BAD1A /* TextureBitmap.cpp */,
				0AFF00B41F933DB7004BAD1A /* TextureBitmap.h */,
				0AB2F8F61FC16AF4005FA7A0 /* FileResource.cpp */,
				0AB2F8F71FC16AF4005FA7A0 /* FileResource.h */,
				0AB2F8FD1FC17B12005FA7A0 /* ImageDecode.cpp */,
				0AB2F8FE1FC17B12005FA7A0 /* ImageDecode.h */,
			);
			name = Resource;
			sourceTree = "<group>";
		};
		0AD3AC341DF6C30E009F9CD3 /* thirdparty */ = {
			isa = PBXGroup;
			children = (
				0AB2F8F91FC17070005FA7A0 /* libstb */,
				0A3E50501E87F1A100AD26E1 /* libnoise */,
			);
			name = thirdparty;
			sourceTree = "<group>";
		};
		0AD3D0FE1DF9297500EAC2C3 /* Util */ = {
			isa = PBXGroup;
			children = (
				0A3E4ECE1E877F7400AD26E1 /* GLConfiguration.cpp */,
				0A3E4ECF1E877F7400AD26E1 /* GLConfiguration.h */,
				0A3E4ED01E877F7400AD26E1 /* GLPrecompile.cpp */,
				0A3E4ED11E877F7400AD26E1 /* GLPrecompile.h */,
				0A3E4ED21E877F7400AD26E1 /* GLSLProgram.cpp */,
				0A3E4ED31E877F7400AD26E1 /* GLSLProgram.h */,
				0A45902E1F247CBF00AF1951 /* GLSLBuiltInDefine.h */,
				0A45902B1F24763F00AF1951 /* GLSLProgramCache.cpp */,
				0A45902C1F24763F00AF1951 /* GLSLProgramCache.h */,
				0A45902F1F24826700AF1951 /* GLSLShadeSource.cpp */,
				0A4590301F24826700AF1951 /* GLSLShadeSource.h */,
				0A45905B1F24F53600AF1951 /* Texture2D.cpp */,
				0A45905C1F24F53600AF1951 /* Texture2D.h */,
				0A3E4ED41E877F7400AD26E1 /* RenderTarget.cpp */,
				0A3E4ED51E877F7400AD26E1 /* RenderTarget.h */,
				0A3E4ED61E877F7400AD26E1 /* Scene.h */,
				0A3E4ED71E877F7400AD26E1 /* skybox.cpp */,
				0A3E4ED81E877F7400AD26E1 /* skybox.h */,
				0A3E4ED91E877F7400AD26E1 /* teapotdata.h */,
				0A3E4EDA1E877F7400AD26E1 /* vbocube.cpp */,
				0A3E4EDB1E877F7400AD26E1 /* vbocube.h */,
				0A3E4EDC1E877F7400AD26E1 /* vbomesh.cpp */,
				0A3E4EDD1E877F7400AD26E1 /* vbomesh.h */,
				0A3E4EDE1E877F7400AD26E1 /* vboplane.cpp */,
				0A3E4EDF1E877F7400AD26E1 /* vboplane.h */,
				0A3E4EE01E877F7400AD26E1 /* vboteapot.cpp */,
				0A3E4EE11E877F7400AD26E1 /* vboteapot.h */,
				0A3E4EE21E877F7400AD26E1 /* vbotorus.cpp */,
				0A3E4EE31E877F7400AD26E1 /* vbotorus.h */,
				0AD3D0FF1DF9299700EAC2C3 /* ImageLoad.cpp */,
				0AD3D1001DF9299700EAC2C3 /* ImageLoad.h */,
				0A0364B81F2865D300F8CF99 /* Texture.cpp */,
				0A0364B91F2865D300F8CF99 /* Texture.h */,
			);
			name = Util;
			sourceTree = "<group>";
		};
		0AD424BF1DE05ADC00FCCAAF /* DrawFile */ = {
			isa = PBXGroup;
			children = (
				0A3E50C51E87F45D00AD26E1 /* Noise */,
				0AB78C8D1DF5889A00B9EDD0 /* Texture */,
				0AD52F891DF3F8720010945C /* Light */,
				0AD424C01DE05B2300FCCAAF /* BasicShader */,
			);
			name = DrawFile;
			sourceTree = "<group>";
		};
		0AD424C01DE05B2300FCCAAF /* BasicShader */ = {
			isa = PBXGroup;
			children = (
				0ADE39461DE3232000FB1F19 /* ADSShader.cpp */,
				0ADE39471DE3232000FB1F19 /* ADSShader.h */,
				0ADE392C1DE2CFBB00FB1F19 /* DiffuseShader.cpp */,
				0ADE392D1DE2CFBB00FB1F19 /* DiffuseShader.h */,
				0ADE392E1DE2CFBB00FB1F19 /* UniformShader.cpp */,
				0ADE392F1DE2CFBB00FB1F19 /* UniformShader.h */,
				0AD424C31DE05B3D00FCCAAF /* BasicShader.cpp */,
				0AD424C41DE05B3D00FCCAAF /* BasicShader.h */,
				0AC3577C1DEDA4F300228877 /* TwoSideShader.cpp */,
				0AC3577D1DEDA4F300228877 /* TwoSideShader.h */,
			);
			name = BasicShader;
			sourceTree = "<group>";
		};
		0AD52F891DF3F8720010945C /* Light */ = {
			isa = PBXGroup;
			children = (
				0AD52F8B1DF3F8BD0010945C /* scenemultilight.cpp */,
				0AD52F8C1DF3F8BD0010945C /* scenemultilight.h */,
			);
			name = Light;
			sourceTree = "<group>";
		};
		0AFD1D151E9A6D950069EA13 /* Frameworks */ = {
			isa = PBXGroup;
			children = (
				0AFD1D161E9A6D950069EA13 /* UIKit.framework */,
			);
			name = Frameworks;
			sourceTree = "<group>";
		};
/* End PBXGroup section */

/* Begin PBXNativeTarget section */
		0AAD7DD71DD579290013AFF2 /* GLUtilBox */ = {
			isa = PBXNativeTarget;
			buildConfigurationList = 0AAD7DE11DD579290013AFF2 /* Build configuration list for PBXNativeTarget "GLUtilBox" */;
			buildPhases = (
				0AAD7DD41DD579290013AFF2 /* Sources */,
				0AAD7DD51DD579290013AFF2 /* Frameworks */,
				0AAD7DD61DD579290013AFF2 /* CopyFiles */,
			);
			buildRules = (
			);
			dependencies = (
			);
			name = GLUtilBox;
			productName = GLUtilBox;
			productReference = 0AAD7DD81DD579290013AFF2 /* libGLUtilBox.a */;
			productType = "com.apple.product-type.library.static";
		};
/* End PBXNativeTarget section */

/* Begin PBXProject section */
		0AAD7DD01DD579290013AFF2 /* Project object */ = {
			isa = PBXProject;
			attributes = {
				LastUpgradeCheck = 0720;
				ORGANIZATIONNAME = zhouxuguang;
				TargetAttributes = {
					0AAD7DD71DD579290013AFF2 = {
						CreatedOnToolsVersion = 7.2;
					};
				};
			};
			buildConfigurationList = 0AAD7DD31DD579290013AFF2 /* Build configuration list for PBXProject "GLUtilBox" */;
			compatibilityVersion = "Xcode 3.2";
			developmentRegion = English;
			hasScannedForEncodings = 0;
			knownRegions = (
				en,
			);
			mainGroup = 0AAD7DCF1DD579290013AFF2;
			productRefGroup = 0AAD7DD91DD579290013AFF2 /* Products */;
			projectDirPath = "";
			projectRoot = "";
			targets = (
				0AAD7DD71DD579290013AFF2 /* GLUtilBox */,
			);
		};
/* End PBXProject section */

/* Begin PBXSourcesBuildPhase section */
		0AAD7DD41DD579290013AFF2 /* Sources */ = {
			isa = PBXSourcesBuildPhase;
			buildActionMask = 2147483647;
			files = (
				0A3E505C1E87F1E700AD26E1 /* latlon.cpp in Sources */,
				0A3E50C01E87F21A00AD26E1 /* spheres.cpp in Sources */,
				0A3E50B51E87F21A00AD26E1 /* max.cpp in Sources */,
				0A3E4EE41E877F7400AD26E1 /* GLConfiguration.cpp in Sources */,
				0A3E50C21E87F21A00AD26E1 /* translatepoint.cpp in Sources */,
				0AD05D011E5EE35900607CF7 /* scenenormalmap.cpp in Sources */,
				0AFD1D1A1E9A7DBC0069EA13 /* IResourceManager.mm in Sources */,
				0A4590311F24826700AF1951 /* GLSLShadeSource.cpp in Sources */,
				0AB78C901DF588B000B9EDD0 /* scenetexture.cpp in Sources */,
				0A3E4EE51E877F7400AD26E1 /* GLPrecompile.cpp in Sources */,
				0AD3D1011DF9299700EAC2C3 /* ImageLoad.cpp in Sources */,
				0AB2F8F81FC16AF4005FA7A0 /* FileResource.cpp in Sources */,
				0AB2F8FF1FC17B12005FA7A0 /* ImageDecode.cpp in Sources */,
				0ADE39311DE2CFBB00FB1F19 /* UniformShader.cpp in Sources */,
				0AD52F8D1DF3F8BD0010945C /* scenemultilight.cpp in Sources */,
				0A3E50B01E87F21A00AD26E1 /* curve.cpp in Sources */,
				0A3E4EE91E877F7400AD26E1 /* vbocube.cpp in Sources */,
				0A3E50AE1E87F21A00AD26E1 /* clamp.cpp in Sources */,
				0A3E4EE81E877F7400AD26E1 /* skybox.cpp in Sources */,
				0A45905D1F24F53600AF1951 /* Texture2D.cpp in Sources */,
				0A3E4EEB1E877F7400AD26E1 /* vboplane.cpp in Sources */,
				0A3E506A1E87F1FB00AD26E1 /* plane.cpp in Sources */,
				0A3E506B1E87F1FB00AD26E1 /* sphere.cpp in Sources */,
				0A3E505D1E87F1E700AD26E1 /* noisegen.cpp in Sources */,
				0A3E50BC1E87F21A00AD26E1 /* rotatepoint.cpp in Sources */,
				0A3E4FBC1E87BC1600AD26E1 /* sceneshadow.cpp in Sources */,
				0AB2F9741FC1C962005FA7A0 /* stb_image.c in Sources */,
				0A0364BA1F2865D300F8CF99 /* Texture.cpp in Sources */,
				0A3E50681E87F1FB00AD26E1 /* cylinder.cpp in Sources */,
				0A3E50B11E87F21A00AD26E1 /* cylinders.cpp in Sources */,
				0A3E50C31E87F21A00AD26E1 /* turbulence.cpp in Sources */,
				0A3E50BA1E87F21A00AD26E1 /* power.cpp in Sources */,
				0A3E50B21E87F21A00AD26E1 /* displace.cpp in Sources */,
				0A3E50C81E87F61E00AD26E1 /* NoiseTexture.cpp in Sources */,
				0AD424C51DE05B3D00FCCAAF /* BasicShader.cpp in Sources */,
				0A3E50A81E87F21A00AD26E1 /* abs.cpp in Sources */,
				0A3E50B41E87F21A00AD26E1 /* invert.cpp in Sources */,
				0A3E4EEC1E877F7400AD26E1 /* vboteapot.cpp in Sources */,
				0A3E50B31E87F21A00AD26E1 /* exponent.cpp in Sources */,
				0A3E50AB1E87F21A00AD26E1 /* blend.cpp in Sources */,
				0A3E50AA1E87F21A00AD26E1 /* billow.cpp in Sources */,
				0A3E50A91E87F21A00AD26E1 /* add.cpp in Sources */,
				0A3E50AF1E87F21A00AD26E1 /* const.cpp in Sources */,
				0A16D42B1E9D113A00B54580 /* PVRTexture.cpp in Sources */,
				0A3E50BE1E87F21A00AD26E1 /* scalepoint.cpp in Sources */,
				0A3E4EEA1E877F7400AD26E1 /* vbomesh.cpp in Sources */,
				0A3E50BB1E87F21A00AD26E1 /* ridgedmulti.cpp in Sources */,
				0ADE39481DE3232000FB1F19 /* ADSShader.cpp in Sources */,
				0A3E50BF1E87F21A00AD26E1 /* select.cpp in Sources */,
				0AFF00B51F933DB7004BAD1A /* TextureBitmap.cpp in Sources */,
				0A3E4EE71E877F7400AD26E1 /* RenderTarget.cpp in Sources */,
				0A3E50AC1E87F21A00AD26E1 /* cache.cpp in Sources */,
				0A3E50C41E87F21A00AD26E1 /* voronoi.cpp in Sources */,
				0A3E50C11E87F21A00AD26E1 /* terrace.cpp in Sources */,
				0A3E50691E87F1FB00AD26E1 /* line.cpp in Sources */,
				0A3E50AD1E87F21A00AD26E1 /* checkerboard.cpp in Sources */,
				0AD05D051E5FE53D00607CF7 /* sceneprojtex.cpp in Sources */,
				0A45902D1F24763F00AF1951 /* GLSLProgramCache.cpp in Sources */,
				0AD852C41F0937FC00FD92B9 /* etc1.cpp in Sources */,
				0A3E50B61E87F21A00AD26E1 /* min.cpp in Sources */,
				0A3E50B81E87F21A00AD26E1 /* multiply.cpp in Sources */,
				0AD852C11F09235B00FD92B9 /* ETCTexture.cpp in Sources */,
				0A3E4EED1E877F7400AD26E1 /* vbotorus.cpp in Sources */,
				0AC3577E1DEDA4F300228877 /* TwoSideShader.cpp in Sources */,
				0A3E50B71E87F21A00AD26E1 /* modulebase.cpp in Sources */,
				0A3E50B91E87F21A00AD26E1 /* perlin.cpp in Sources */,
				0A3E50BD1E87F21A00AD26E1 /* scalebias.cpp in Sources */,
				0A3E4EE61E877F7400AD26E1 /* GLSLProgram.cpp in Sources */,
				0ADE39301DE2CFBB00FB1F19 /* DiffuseShader.cpp in Sources */,
			);
			runOnlyForDeploymentPostprocessing = 0;
		};
/* End PBXSourcesBuildPhase section */

/* Begin XCBuildConfiguration section */
		0AAD7DDF1DD579290013AFF2 /* Debug */ = {
			isa = XCBuildConfiguration;
			buildSettings = {
				ALWAYS_SEARCH_USER_PATHS = NO;
				CLANG_CXX_LANGUAGE_STANDARD = "gnu++0x";
				CLANG_CXX_LIBRARY = "libc++";
				CLANG_ENABLE_MODULES = YES;
				CLANG_ENABLE_OBJC_ARC = YES;
				CLANG_WARN_BOOL_CONVERSION = YES;
				CLANG_WARN_CONSTANT_CONVERSION = YES;
				CLANG_WARN_DIRECT_OBJC_ISA_USAGE = YES_ERROR;
				CLANG_WARN_EMPTY_BODY = YES;
				CLANG_WARN_ENUM_CONVERSION = YES;
				CLANG_WARN_INT_CONVERSION = YES;
				CLANG_WARN_OBJC_ROOT_CLASS = YES_ERROR;
				CLANG_WARN_UNREACHABLE_CODE = YES;
				CLANG_WARN__DUPLICATE_METHOD_MATCH = YES;
				"CODE_SIGN_IDENTITY[sdk=iphoneos*]" = "iPhone Developer";
				COPY_PHASE_STRIP = NO;
				DEBUG_INFORMATION_FORMAT = dwarf;
				ENABLE_STRICT_OBJC_MSGSEND = YES;
				ENABLE_TESTABILITY = YES;
				GCC_C_LANGUAGE_STANDARD = gnu99;
				GCC_DYNAMIC_NO_PIC = NO;
				GCC_INPUT_FILETYPE = automatic;
				GCC_NO_COMMON_BLOCKS = YES;
				GCC_OPTIMIZATION_LEVEL = 0;
				GCC_PREPROCESSOR_DEFINITIONS = (
					"DEBUG=1",
					"$(inherited)",
				);
				GCC_WARN_64_TO_32_BIT_CONVERSION = YES;
				GCC_WARN_ABOUT_RETURN_TYPE = YES_ERROR;
				GCC_WARN_UNDECLARED_SELECTOR = YES;
				GCC_WARN_UNINITIALIZED_AUTOS = YES_AGGRESSIVE;
				GCC_WARN_UNUSED_FUNCTION = YES;
				GCC_WARN_UNUSED_VARIABLE = YES;
				IPHONEOS_DEPLOYMENT_TARGET = 9.2;
				MTL_ENABLE_DEBUG_INFO = YES;
				ONLY_ACTIVE_ARCH = YES;
				SDKROOT = iphoneos;
			};
			name = Debug;
		};
		0AAD7DE01DD579290013AFF2 /* Release */ = {
			isa = XCBuildConfiguration;
			buildSettings = {
				ALWAYS_SEARCH_USER_PATHS = NO;
				CLANG_CXX_LANGUAGE_STANDARD = "gnu++0x";
				CLANG_CXX_LIBRARY = "libc++";
				CLANG_ENABLE_MODULES = YES;
				CLANG_ENABLE_OBJC_ARC = YES;
				CLANG_WARN_BOOL_CONVERSION = YES;
				CLANG_WARN_CONSTANT_CONVERSION = YES;
				CLANG_WARN_DIRECT_OBJC_ISA_USAGE = YES_ERROR;
				CLANG_WARN_EMPTY_BODY = YES;
				CLANG_WARN_ENUM_CONVERSION = YES;
				CLANG_WARN_INT_CONVERSION = YES;
				CLANG_WARN_OBJC_ROOT_CLASS = YES_ERROR;
				CLANG_WARN_UNREACHABLE_CODE = YES;
				CLANG_WARN__DUPLICATE_METHOD_MATCH = YES;
				"CODE_SIGN_IDENTITY[sdk=iphoneos*]" = "iPhone Developer";
				COPY_PHASE_STRIP = NO;
				DEBUG_INFORMATION_FORMAT = "dwarf-with-dsym";
				ENABLE_NS_ASSERTIONS = NO;
				ENABLE_STRICT_OBJC_MSGSEND = YES;
				GCC_C_LANGUAGE_STANDARD = gnu99;
				GCC_INPUT_FILETYPE = automatic;
				GCC_NO_COMMON_BLOCKS = YES;
				GCC_WARN_64_TO_32_BIT_CONVERSION = YES;
				GCC_WARN_ABOUT_RETURN_TYPE = YES_ERROR;
				GCC_WARN_UNDECLARED_SELECTOR = YES;
				GCC_WARN_UNINITIALIZED_AUTOS = YES_AGGRESSIVE;
				GCC_WARN_UNUSED_FUNCTION = YES;
				GCC_WARN_UNUSED_VARIABLE = YES;
				IPHONEOS_DEPLOYMENT_TARGET = 9.2;
				MTL_ENABLE_DEBUG_INFO = NO;
				SDKROOT = iphoneos;
				VALIDATE_PRODUCT = YES;
			};
			name = Release;
		};
		0AAD7DE21DD579290013AFF2 /* Debug */ = {
			isa = XCBuildConfiguration;
			buildSettings = {
				"GCC_PREPROCESSOR_DEFINITIONS[arch=*]" = (
					"DEBUG=1",
					__IOS__,
					"$(inherited)",
				);
				"HEADER_SEARCH_PATHS[arch=*]" = (
					/Users/zhouxuguang/ogse/Math3D,
					"\"$(SRCROOT)/../thirdparty/libnoise\"",
					"\"$(SRCROOT)/../../../GuangGIS-SDK/include/BaseLib\"",
					"\"$(SRCROOT)/../thirdparty/libstb\"",
				);
				OTHER_LDFLAGS = "-ObjC";
				PRODUCT_NAME = "$(TARGET_NAME)";
				SKIP_INSTALL = YES;
			};
			name = Debug;
		};
		0AAD7DE31DD579290013AFF2 /* Release */ = {
			isa = XCBuildConfiguration;
			buildSettings = {
				"GCC_PREPROCESSOR_DEFINITIONS[arch=*]" = "__IOS__ ";
				"HEADER_SEARCH_PATHS[arch=*]" = (
					/Users/zhouxuguang/ogse/Math3D,
					"\"$(SRCROOT)/../thirdparty/libnoise\"",
					"\"$(SRCROOT)/../../../GuangGIS-SDK/include/BaseLib\"",
					"\"$(SRCROOT)/../thirdparty/libstb\"",
				);
				OTHER_LDFLAGS = "-ObjC";
				PRODUCT_NAME = "$(TARGET_NAME)";
				SKIP_INSTALL = YES;
			};
			name = Release;
		};
/* End XCBuildConfiguration section */

/* Begin XCConfigurationList section */
		0AAD7DD31DD579290013AFF2 /* Build configuration list for PBXProject "GLUtilBox" */ = {
			isa = XCConfigurationList;
			buildConfigurations = (
				0AAD7DDF1DD579290013AFF2 /* Debug */,
				0AAD7DE01DD579290013AFF2 /* Release */,
			);
			defaultConfigurationIsVisible = 0;
			defaultConfigurationName = Release;
		};
		0AAD7DE11DD579290013AFF2 /* Build configuration list for PBXNativeTarget "GLUtilBox" */ = {
			isa = XCConfigurationList;
			buildConfigurations = (
				0AAD7DE21DD579290013AFF2 /* Debug */,
				0AAD7DE31DD579290013AFF2 /* Release */,
			);
			defaultConfigurationIsVisible = 0;
			defaultConfigurationName = Release;
		};
/* End XCConfigurationList section */
	};
	rootObject = 0AAD7DD01DD579290013AFF2 /* Project object */;
}
